// !$*UTF8*$!
{
	archiveVersion = 1;
	classes = {
	};
	objectVersion = 50;
	objects = {

/* Begin PBXBuildFile section */
		4AB9E0962858AC1C2E8CA83B /* libPods-OCProject.a in Frameworks */ = {isa = PBXBuildFile; fileRef = FA0F459C401A98BA065B51A5 /* libPods-OCProject.a */; };
		5414FC94213C209C0098D711 /* TestConstVC.m in Sources */ = {isa = PBXBuildFile; fileRef = 5414FC93213C209C0098D711 /* TestConstVC.m */; };
		54738FC9213CC4F100061DDB /* ChangeAppIconVC.m in Sources */ = {isa = PBXBuildFile; fileRef = 54738FC4213CC4F100061DDB /* ChangeAppIconVC.m */; };
		54738FCA213CC4F100061DDB /* UIViewController+HideAlert.m in Sources */ = {isa = PBXBuildFile; fileRef = 54738FC5213CC4F100061DDB /* UIViewController+HideAlert.m */; };
		54738FCB213CC4F100061DDB /* WkJsVC.m in Sources */ = {isa = PBXBuildFile; fileRef = 54738FC8213CC4F100061DDB /* WkJsVC.m */; };
		54738FD1213CC64000061DDB /* index.html in Resources */ = {isa = PBXBuildFile; fileRef = 54738FCD213CC64000061DDB /* index.html */; };
		54738FD2213CC64000061DDB /* common.js in Resources */ = {isa = PBXBuildFile; fileRef = 54738FCE213CC64000061DDB /* common.js */; };
		54738FD3213CC64000061DDB /* base.css in Resources */ = {isa = PBXBuildFile; fileRef = 54738FCF213CC64000061DDB /* base.css */; };
		54738FD4213CC64000061DDB /* jquery.js in Resources */ = {isa = PBXBuildFile; fileRef = 54738FD0213CC64000061DDB /* jquery.js */; };
		54738FDE213CC65F00061DDB /* icon60@2x.png in Resources */ = {isa = PBXBuildFile; fileRef = 54738FD6213CC65F00061DDB /* icon60@2x.png */; };
		54738FDF213CC65F00061DDB /* icon29@3x.png in Resources */ = {isa = PBXBuildFile; fileRef = 54738FD7213CC65F00061DDB /* icon29@3x.png */; };
		54738FE0213CC65F00061DDB /* icon29@2x.png in Resources */ = {isa = PBXBuildFile; fileRef = 54738FD8213CC65F00061DDB /* icon29@2x.png */; };
		54738FE1213CC65F00061DDB /* icon60@3x.png in Resources */ = {isa = PBXBuildFile; fileRef = 54738FD9213CC65F00061DDB /* icon60@3x.png */; };
		54738FE2213CC65F00061DDB /* icon40@3x.png in Resources */ = {isa = PBXBuildFile; fileRef = 54738FDA213CC65F00061DDB /* icon40@3x.png */; };
		54738FE3213CC65F00061DDB /* icon40@2x.png in Resources */ = {isa = PBXBuildFile; fileRef = 54738FDB213CC65F00061DDB /* icon40@2x.png */; };
		54738FE4213CC65F00061DDB /* icon20@2x.png in Resources */ = {isa = PBXBuildFile; fileRef = 54738FDC213CC65F00061DDB /* icon20@2x.png */; };
		54738FE5213CC65F00061DDB /* icon20@3x.png in Resources */ = {isa = PBXBuildFile; fileRef = 54738FDD213CC65F00061DDB /* icon20@3x.png */; };
		54738FE7213CC9FB00061DDB /* README in Resources */ = {isa = PBXBuildFile; fileRef = 54738FE6213CC9FB00061DDB /* README */; };
		54738FEB213D2D8400061DDB /* CopyAndMutableCopyVC.m in Sources */ = {isa = PBXBuildFile; fileRef = 54738FEA213D2D8400061DDB /* CopyAndMutableCopyVC.m */; };
		54738FEF213D2EC700061DDB /* BaseViewController.m in Sources */ = {isa = PBXBuildFile; fileRef = 54738FEE213D2EC700061DDB /* BaseViewController.m */; };
		54738FF3213E246700061DDB /* ItemLayout.m in Sources */ = {isa = PBXBuildFile; fileRef = 54738FF2213E246700061DDB /* ItemLayout.m */; };
		54738FF6213E24BC00061DDB /* DataModel.m in Sources */ = {isa = PBXBuildFile; fileRef = 54738FF5213E24BC00061DDB /* DataModel.m */; };
		54739002213E619300061DDB /* ProfileView.m in Sources */ = {isa = PBXBuildFile; fileRef = 54739001213E619300061DDB /* ProfileView.m */; };
		54AB6749213BAD6000E73D06 /* FactoryVC.m in Sources */ = {isa = PBXBuildFile; fileRef = 54AB6747213BAD6000E73D06 /* FactoryVC.m */; };
		54AB674C213BAEEE00E73D06 /* Factory.m in Sources */ = {isa = PBXBuildFile; fileRef = 54AB674B213BAEEE00E73D06 /* Factory.m */; };
		54AB674F213BAF5E00E73D06 /* Food.m in Sources */ = {isa = PBXBuildFile; fileRef = 54AB674E213BAF5E00E73D06 /* Food.m */; };
		54AB6752213BAF7600E73D06 /* MantouBreakfast.m in Sources */ = {isa = PBXBuildFile; fileRef = 54AB6751213BAF7600E73D06 /* MantouBreakfast.m */; };
		54AB6755213BAF9000E73D06 /* YoutiaoBreakfast.m in Sources */ = {isa = PBXBuildFile; fileRef = 54AB6754213BAF9000E73D06 /* YoutiaoBreakfast.m */; };
		54AB6759213BB2F500E73D06 /* UIUtil.m in Sources */ = {isa = PBXBuildFile; fileRef = 54AB6758213BB2F500E73D06 /* UIUtil.m */; };
		54D0C25D213AADC400D4B3E6 /* MyTableViewController.m in Sources */ = {isa = PBXBuildFile; fileRef = 54D0C25C213AADC400D4B3E6 /* MyTableViewController.m */; };
		54D27225213E739C0085B92D /* YYDemoHelper.m in Sources */ = {isa = PBXBuildFile; fileRef = 54D27224213E739C0085B92D /* YYDemoHelper.m */; };
		54D27227213E75B10085B92D /* ResourceWeibo.bundle in Resources */ = {isa = PBXBuildFile; fileRef = 54D27226213E75B10085B92D /* ResourceWeibo.bundle */; };
		54D2722B213E8BB30085B92D /* YYImageTestVC.m in Sources */ = {isa = PBXBuildFile; fileRef = 54D2722A213E8BB30085B92D /* YYImageTestVC.m */; };
		54D2722F213E90670085B92D /* wall-e@2x.webp in Resources */ = {isa = PBXBuildFile; fileRef = 54D2722C213E90670085B92D /* wall-e@2x.webp */; };
		54D27230213E90670085B92D /* pia@2x.png in Resources */ = {isa = PBXBuildFile; fileRef = 54D2722D213E90670085B92D /* pia@2x.png */; };
		54D27231213E90670085B92D /* niconiconi@2x.gif in Resources */ = {isa = PBXBuildFile; fileRef = 54D2722E213E90670085B92D /* niconiconi@2x.gif */; };
		54D27234213EB04B0085B92D /* YYTableView.m in Sources */ = {isa = PBXBuildFile; fileRef = 54D27233213EB04B0085B92D /* YYTableView.m */; };
		54D27237213EB21B0085B92D /* YYTableViewCell.m in Sources */ = {isa = PBXBuildFile; fileRef = 54D27236213EB21B0085B92D /* YYTableViewCell.m */; };
		54E28D0621384D1500DB4B41 /* AppDelegate.m in Sources */ = {isa = PBXBuildFile; fileRef = 54E28D0521384D1500DB4B41 /* AppDelegate.m */; };
		54E28D0C21384D1500DB4B41 /* Main.storyboard in Resources */ = {isa = PBXBuildFile; fileRef = 54E28D0A21384D1500DB4B41 /* Main.storyboard */; };
		54E28D0E21384D1600DB4B41 /* Assets.xcassets in Resources */ = {isa = PBXBuildFile; fileRef = 54E28D0D21384D1600DB4B41 /* Assets.xcassets */; };
		54E28D1121384D1600DB4B41 /* LaunchScreen.storyboard in Resources */ = {isa = PBXBuildFile; fileRef = 54E28D0F21384D1600DB4B41 /* LaunchScreen.storyboard */; };
		54E28D1421384D1600DB4B41 /* main.m in Sources */ = {isa = PBXBuildFile; fileRef = 54E28D1321384D1600DB4B41 /* main.m */; };
		54E28D1E21384D1600DB4B41 /* OCProjectTests.m in Sources */ = {isa = PBXBuildFile; fileRef = 54E28D1D21384D1600DB4B41 /* OCProjectTests.m */; };
		54E28D2921384D1600DB4B41 /* OCProjectUITests.m in Sources */ = {isa = PBXBuildFile; fileRef = 54E28D2821384D1600DB4B41 /* OCProjectUITests.m */; };
		54E36E74213D81AA00189E6A /* TestYYkitVC.m in Sources */ = {isa = PBXBuildFile; fileRef = 54E36E73213D81AA00189E6A /* TestYYkitVC.m */; };
/* End PBXBuildFile section */

/* Begin PBXContainerItemProxy section */
		54E28D1A21384D1600DB4B41 /* PBXContainerItemProxy */ = {
			isa = PBXContainerItemProxy;
			containerPortal = 54E28CF921384D1500DB4B41 /* Project object */;
			proxyType = 1;
			remoteGlobalIDString = 54E28D0021384D1500DB4B41;
			remoteInfo = OCProject;
		};
		54E28D2521384D1600DB4B41 /* PBXContainerItemProxy */ = {
			isa = PBXContainerItemProxy;
			containerPortal = 54E28CF921384D1500DB4B41 /* Project object */;
			proxyType = 1;
			remoteGlobalIDString = 54E28D0021384D1500DB4B41;
			remoteInfo = OCProject;
		};
/* End PBXContainerItemProxy section */

/* Begin PBXFileReference section */
		021AAFDF9801D3E1A563D7A8 /* Pods-OCProject.release.xcconfig */ = {isa = PBXFileReference; includeInIndex = 1; lastKnownFileType = text.xcconfig; name = "Pods-OCProject.release.xcconfig"; path = "Pods/Target Support Files/Pods-OCProject/Pods-OCProject.release.xcconfig"; sourceTree = "<group>"; };
		5414FC92213C209C0098D711 /* TestConstVC.h */ = {isa = PBXFileReference; lastKnownFileType = sourcecode.c.h; path = TestConstVC.h; sourceTree = "<group>"; };
		5414FC93213C209C0098D711 /* TestConstVC.m */ = {isa = PBXFileReference; lastKnownFileType = sourcecode.c.objc; path = TestConstVC.m; sourceTree = "<group>"; };
		54738FC2213CC4F100061DDB /* UIViewController+HideAlert.h */ = {isa = PBXFileReference; fileEncoding = 4; lastKnownFileType = sourcecode.c.h; path = "UIViewController+HideAlert.h"; sourceTree = "<group>"; };
		54738FC3213CC4F100061DDB /* ChangeAppIconVC.h */ = {isa = PBXFileReference; fileEncoding = 4; lastKnownFileType = sourcecode.c.h; path = ChangeAppIconVC.h; sourceTree = "<group>"; };
		54738FC4213CC4F100061DDB /* ChangeAppIconVC.m */ = {isa = PBXFileReference; fileEncoding = 4; lastKnownFileType = sourcecode.c.objc; path = ChangeAppIconVC.m; sourceTree = "<group>"; };
		54738FC5213CC4F100061DDB /* UIViewController+HideAlert.m */ = {isa = PBXFileReference; fileEncoding = 4; lastKnownFileType = sourcecode.c.objc; path = "UIViewController+HideAlert.m"; sourceTree = "<group>"; };
		54738FC7213CC4F100061DDB /* WkJsVC.h */ = {isa = PBXFileReference; fileEncoding = 4; lastKnownFileType = sourcecode.c.h; path = WkJsVC.h; sourceTree = "<group>"; };
		54738FC8213CC4F100061DDB /* WkJsVC.m */ = {isa = PBXFileReference; fileEncoding = 4; lastKnownFileType = sourcecode.c.objc; path = WkJsVC.m; sourceTree = "<group>"; };
		54738FCD213CC64000061DDB /* index.html */ = {isa = PBXFileReference; fileEncoding = 4; lastKnownFileType = text.html; path = index.html; sourceTree = "<group>"; };
		54738FCE213CC64000061DDB /* common.js */ = {isa = PBXFileReference; fileEncoding = 4; lastKnownFileType = sourcecode.javascript; path = common.js; sourceTree = "<group>"; };
		54738FCF213CC64000061DDB /* base.css */ = {isa = PBXFileReference; fileEncoding = 4; lastKnownFileType = text.css; path = base.css; sourceTree = "<group>"; };
		54738FD0213CC64000061DDB /* jquery.js */ = {isa = PBXFileReference; fileEncoding = 4; lastKnownFileType = sourcecode.javascript; path = jquery.js; sourceTree = "<group>"; };
		54738FD6213CC65F00061DDB /* icon60@2x.png */ = {isa = PBXFileReference; lastKnownFileType = image.png; path = "icon60@2x.png"; sourceTree = "<group>"; };
		54738FD7213CC65F00061DDB /* icon29@3x.png */ = {isa = PBXFileReference; lastKnownFileType = image.png; path = "icon29@3x.png"; sourceTree = "<group>"; };
		54738FD8213CC65F00061DDB /* icon29@2x.png */ = {isa = PBXFileReference; lastKnownFileType = image.png; path = "icon29@2x.png"; sourceTree = "<group>"; };
		54738FD9213CC65F00061DDB /* icon60@3x.png */ = {isa = PBXFileReference; lastKnownFileType = image.png; path = "icon60@3x.png"; sourceTree = "<group>"; };
		54738FDA213CC65F00061DDB /* icon40@3x.png */ = {isa = PBXFileReference; lastKnownFileType = image.png; path = "icon40@3x.png"; sourceTree = "<group>"; };
		54738FDB213CC65F00061DDB /* icon40@2x.png */ = {isa = PBXFileReference; lastKnownFileType = image.png; path = "icon40@2x.png"; sourceTree = "<group>"; };
		54738FDC213CC65F00061DDB /* icon20@2x.png */ = {isa = PBXFileReference; lastKnownFileType = image.png; path = "icon20@2x.png"; sourceTree = "<group>"; };
		54738FDD213CC65F00061DDB /* icon20@3x.png */ = {isa = PBXFileReference; lastKnownFileType = image.png; path = "icon20@3x.png"; sourceTree = "<group>"; };
		54738FE6213CC9FB00061DDB /* README */ = {isa = PBXFileReference; fileEncoding = 4; lastKnownFileType = text; path = README; sourceTree = "<group>"; };
		54738FE9213D2D8400061DDB /* CopyAndMutableCopyVC.h */ = {isa = PBXFileReference; lastKnownFileType = sourcecode.c.h; path = CopyAndMutableCopyVC.h; sourceTree = "<group>"; };
		54738FEA213D2D8400061DDB /* CopyAndMutableCopyVC.m */ = {isa = PBXFileReference; lastKnownFileType = sourcecode.c.objc; path = CopyAndMutableCopyVC.m; sourceTree = "<group>"; };
		54738FED213D2EC700061DDB /* BaseViewController.h */ = {isa = PBXFileReference; lastKnownFileType = sourcecode.c.h; path = BaseViewController.h; sourceTree = "<group>"; };
		54738FEE213D2EC700061DDB /* BaseViewController.m */ = {isa = PBXFileReference; lastKnownFileType = sourcecode.c.objc; path = BaseViewController.m; sourceTree = "<group>"; };
		54738FF2213E246700061DDB /* ItemLayout.m */ = {isa = PBXFileReference; fileEncoding = 4; lastKnownFileType = sourcecode.c.objc; path = ItemLayout.m; sourceTree = "<group>"; };
		54738FF4213E24BC00061DDB /* DataModel.h */ = {isa = PBXFileReference; lastKnownFileType = sourcecode.c.h; path = DataModel.h; sourceTree = "<group>"; };
		54738FF5213E24BC00061DDB /* DataModel.m */ = {isa = PBXFileReference; lastKnownFileType = sourcecode.c.objc; path = DataModel.m; sourceTree = "<group>"; };
		54739000213E619300061DDB /* ProfileView.h */ = {isa = PBXFileReference; lastKnownFileType = sourcecode.c.h; path = ProfileView.h; sourceTree = "<group>"; };
		54739001213E619300061DDB /* ProfileView.m */ = {isa = PBXFileReference; lastKnownFileType = sourcecode.c.objc; path = ProfileView.m; sourceTree = "<group>"; };
		54AB6747213BAD6000E73D06 /* FactoryVC.m */ = {isa = PBXFileReference; fileEncoding = 4; lastKnownFileType = sourcecode.c.objc; path = FactoryVC.m; sourceTree = "<group>"; };
		54AB6748213BAD6000E73D06 /* FactoryVC.h */ = {isa = PBXFileReference; fileEncoding = 4; lastKnownFileType = sourcecode.c.h; path = FactoryVC.h; sourceTree = "<group>"; };
		54AB674A213BAEEE00E73D06 /* Factory.h */ = {isa = PBXFileReference; lastKnownFileType = sourcecode.c.h; path = Factory.h; sourceTree = "<group>"; };
		54AB674B213BAEEE00E73D06 /* Factory.m */ = {isa = PBXFileReference; lastKnownFileType = sourcecode.c.objc; path = Factory.m; sourceTree = "<group>"; };
		54AB674D213BAF5E00E73D06 /* Food.h */ = {isa = PBXFileReference; lastKnownFileType = sourcecode.c.h; path = Food.h; sourceTree = "<group>"; };
		54AB674E213BAF5E00E73D06 /* Food.m */ = {isa = PBXFileReference; lastKnownFileType = sourcecode.c.objc; path = Food.m; sourceTree = "<group>"; };
		54AB6750213BAF7600E73D06 /* MantouBreakfast.h */ = {isa = PBXFileReference; lastKnownFileType = sourcecode.c.h; path = MantouBreakfast.h; sourceTree = "<group>"; };
		54AB6751213BAF7600E73D06 /* MantouBreakfast.m */ = {isa = PBXFileReference; lastKnownFileType = sourcecode.c.objc; path = MantouBreakfast.m; sourceTree = "<group>"; };
		54AB6753213BAF9000E73D06 /* YoutiaoBreakfast.h */ = {isa = PBXFileReference; lastKnownFileType = sourcecode.c.h; path = YoutiaoBreakfast.h; sourceTree = "<group>"; };
		54AB6754213BAF9000E73D06 /* YoutiaoBreakfast.m */ = {isa = PBXFileReference; lastKnownFileType = sourcecode.c.objc; path = YoutiaoBreakfast.m; sourceTree = "<group>"; };
		54AB6757213BB2F500E73D06 /* UIUtil.h */ = {isa = PBXFileReference; lastKnownFileType = sourcecode.c.h; path = UIUtil.h; sourceTree = "<group>"; };
		54AB6758213BB2F500E73D06 /* UIUtil.m */ = {isa = PBXFileReference; lastKnownFileType = sourcecode.c.objc; path = UIUtil.m; sourceTree = "<group>"; };
		54D0C25B213AADC400D4B3E6 /* MyTableViewController.h */ = {isa = PBXFileReference; lastKnownFileType = sourcecode.c.h; path = MyTableViewController.h; sourceTree = "<group>"; };
		54D0C25C213AADC400D4B3E6 /* MyTableViewController.m */ = {isa = PBXFileReference; lastKnownFileType = sourcecode.c.objc; path = MyTableViewController.m; sourceTree = "<group>"; };
		54D27223213E739C0085B92D /* YYDemoHelper.h */ = {isa = PBXFileReference; lastKnownFileType = sourcecode.c.h; path = YYDemoHelper.h; sourceTree = "<group>"; };
		54D27224213E739C0085B92D /* YYDemoHelper.m */ = {isa = PBXFileReference; lastKnownFileType = sourcecode.c.objc; path = YYDemoHelper.m; sourceTree = "<group>"; };
		54D27226213E75B10085B92D /* ResourceWeibo.bundle */ = {isa = PBXFileReference; lastKnownFileType = "wrapper.plug-in"; path = ResourceWeibo.bundle; sourceTree = "<group>"; };
		54D27229213E8BB30085B92D /* YYImageTestVC.h */ = {isa = PBXFileReference; lastKnownFileType = sourcecode.c.h; path = YYImageTestVC.h; sourceTree = "<group>"; };
		54D2722A213E8BB30085B92D /* YYImageTestVC.m */ = {isa = PBXFileReference; lastKnownFileType = sourcecode.c.objc; path = YYImageTestVC.m; sourceTree = "<group>"; };
		54D2722C213E90670085B92D /* wall-e@2x.webp */ = {isa = PBXFileReference; lastKnownFileType = file; path = "wall-e@2x.webp"; sourceTree = "<group>"; };
		54D2722D213E90670085B92D /* pia@2x.png */ = {isa = PBXFileReference; lastKnownFileType = image.png; path = "pia@2x.png"; sourceTree = "<group>"; };
		54D2722E213E90670085B92D /* niconiconi@2x.gif */ = {isa = PBXFileReference; lastKnownFileType = image.gif; path = "niconiconi@2x.gif"; sourceTree = "<group>"; };
		54D27232213EB04B0085B92D /* YYTableView.h */ = {isa = PBXFileReference; fileEncoding = 4; lastKnownFileType = sourcecode.c.h; path = YYTableView.h; sourceTree = "<group>"; };
		54D27233213EB04B0085B92D /* YYTableView.m */ = {isa = PBXFileReference; fileEncoding = 4; lastKnownFileType = sourcecode.c.objc; path = YYTableView.m; sourceTree = "<group>"; };
		54D27235213EB21B0085B92D /* YYTableViewCell.h */ = {isa = PBXFileReference; fileEncoding = 4; lastKnownFileType = sourcecode.c.h; path = YYTableViewCell.h; sourceTree = "<group>"; };
		54D27236213EB21B0085B92D /* YYTableViewCell.m */ = {isa = PBXFileReference; fileEncoding = 4; lastKnownFileType = sourcecode.c.objc; path = YYTableViewCell.m; sourceTree = "<group>"; };
		54E28D0121384D1500DB4B41 /* OCProject.app */ = {isa = PBXFileReference; explicitFileType = wrapper.application; includeInIndex = 0; path = OCProject.app; sourceTree = BUILT_PRODUCTS_DIR; };
		54E28D0421384D1500DB4B41 /* AppDelegate.h */ = {isa = PBXFileReference; lastKnownFileType = sourcecode.c.h; path = AppDelegate.h; sourceTree = "<group>"; };
		54E28D0521384D1500DB4B41 /* AppDelegate.m */ = {isa = PBXFileReference; lastKnownFileType = sourcecode.c.objc; path = AppDelegate.m; sourceTree = "<group>"; };
		54E28D0B21384D1500DB4B41 /* Base */ = {isa = PBXFileReference; lastKnownFileType = file.storyboard; name = Base; path = Base.lproj/Main.storyboard; sourceTree = "<group>"; };
		54E28D0D21384D1600DB4B41 /* Assets.xcassets */ = {isa = PBXFileReference; lastKnownFileType = folder.assetcatalog; path = Assets.xcassets; sourceTree = "<group>"; };
		54E28D1021384D1600DB4B41 /* Base */ = {isa = PBXFileReference; lastKnownFileType = file.storyboard; name = Base; path = Base.lproj/LaunchScreen.storyboard; sourceTree = "<group>"; };
		54E28D1221384D1600DB4B41 /* Info.plist */ = {isa = PBXFileReference; lastKnownFileType = text.plist.xml; path = Info.plist; sourceTree = "<group>"; };
		54E28D1321384D1600DB4B41 /* main.m */ = {isa = PBXFileReference; lastKnownFileType = sourcecode.c.objc; path = main.m; sourceTree = "<group>"; };
		54E28D1921384D1600DB4B41 /* OCProjectTests.xctest */ = {isa = PBXFileReference; explicitFileType = wrapper.cfbundle; includeInIndex = 0; path = OCProjectTests.xctest; sourceTree = BUILT_PRODUCTS_DIR; };
		54E28D1D21384D1600DB4B41 /* OCProjectTests.m */ = {isa = PBXFileReference; lastKnownFileType = sourcecode.c.objc; path = OCProjectTests.m; sourceTree = "<group>"; };
		54E28D1F21384D1600DB4B41 /* Info.plist */ = {isa = PBXFileReference; lastKnownFileType = text.plist.xml; path = Info.plist; sourceTree = "<group>"; };
		54E28D2421384D1600DB4B41 /* OCProjectUITests.xctest */ = {isa = PBXFileReference; explicitFileType = wrapper.cfbundle; includeInIndex = 0; path = OCProjectUITests.xctest; sourceTree = BUILT_PRODUCTS_DIR; };
		54E28D2821384D1600DB4B41 /* OCProjectUITests.m */ = {isa = PBXFileReference; lastKnownFileType = sourcecode.c.objc; path = OCProjectUITests.m; sourceTree = "<group>"; };
		54E28D2A21384D1600DB4B41 /* Info.plist */ = {isa = PBXFileReference; lastKnownFileType = text.plist.xml; path = Info.plist; sourceTree = "<group>"; };
		54E36E72213D81AA00189E6A /* TestYYkitVC.h */ = {isa = PBXFileReference; lastKnownFileType = sourcecode.c.h; path = TestYYkitVC.h; sourceTree = "<group>"; };
		54E36E73213D81AA00189E6A /* TestYYkitVC.m */ = {isa = PBXFileReference; lastKnownFileType = sourcecode.c.objc; path = TestYYkitVC.m; sourceTree = "<group>"; };
		54E36E75213D85B300189E6A /* ItemLayout.h */ = {isa = PBXFileReference; lastKnownFileType = sourcecode.c.h; path = ItemLayout.h; sourceTree = "<group>"; };
		5EDCDB49457BAB0E4B05EF8B /* Pods-OCProject.debug.xcconfig */ = {isa = PBXFileReference; includeInIndex = 1; lastKnownFileType = text.xcconfig; name = "Pods-OCProject.debug.xcconfig"; path = "Pods/Target Support Files/Pods-OCProject/Pods-OCProject.debug.xcconfig"; sourceTree = "<group>"; };
		FA0F459C401A98BA065B51A5 /* libPods-OCProject.a */ = {isa = PBXFileReference; explicitFileType = archive.ar; includeInIndex = 0; path = "libPods-OCProject.a"; sourceTree = BUILT_PRODUCTS_DIR; };
/* End PBXFileReference section */

/* Begin PBXFrameworksBuildPhase section */
		54E28CFE21384D1500DB4B41 /* Frameworks */ = {
			isa = PBXFrameworksBuildPhase;
			buildActionMask = 2147483647;
			files = (
				4AB9E0962858AC1C2E8CA83B /* libPods-OCProject.a in Frameworks */,
			);
			runOnlyForDeploymentPostprocessing = 0;
		};
		54E28D1621384D1600DB4B41 /* Frameworks */ = {
			isa = PBXFrameworksBuildPhase;
			buildActionMask = 2147483647;
			files = (
			);
			runOnlyForDeploymentPostprocessing = 0;
		};
		54E28D2121384D1600DB4B41 /* Frameworks */ = {
			isa = PBXFrameworksBuildPhase;
			buildActionMask = 2147483647;
			files = (
			);
			runOnlyForDeploymentPostprocessing = 0;
		};
/* End PBXFrameworksBuildPhase section */

/* Begin PBXGroup section */
		532437BDBBB0D68D2488FB64 /* Pods */ = {
			isa = PBXGroup;
			children = (
				5EDCDB49457BAB0E4B05EF8B /* Pods-OCProject.debug.xcconfig */,
				021AAFDF9801D3E1A563D7A8 /* Pods-OCProject.release.xcconfig */,
			);
			name = Pods;
			sourceTree = "<group>";
		};
		5414FC91213C20880098D711 /* TestConstVC */ = {
			isa = PBXGroup;
			children = (
				5414FC92213C209C0098D711 /* TestConstVC.h */,
				5414FC93213C209C0098D711 /* TestConstVC.m */,
			);
			path = TestConstVC;
			sourceTree = "<group>";
		};
		54738FC1213CC4F100061DDB /* ChangeAppIcon */ = {
			isa = PBXGroup;
			children = (
				54738FD5213CC65F00061DDB /* dyIcon */,
				54738FC2213CC4F100061DDB /* UIViewController+HideAlert.h */,
				54738FC5213CC4F100061DDB /* UIViewController+HideAlert.m */,
				54738FC3213CC4F100061DDB /* ChangeAppIconVC.h */,
				54738FC4213CC4F100061DDB /* ChangeAppIconVC.m */,
			);
			path = ChangeAppIcon;
			sourceTree = "<group>";
		};
		54738FC6213CC4F100061DDB /* WkJs */ = {
			isa = PBXGroup;
			children = (
				54738FCC213CC64000061DDB /* web */,
				54738FC7213CC4F100061DDB /* WkJsVC.h */,
				54738FC8213CC4F100061DDB /* WkJsVC.m */,
			);
			path = WkJs;
			sourceTree = "<group>";
		};
		54738FCC213CC64000061DDB /* web */ = {
			isa = PBXGroup;
			children = (
				54738FCD213CC64000061DDB /* index.html */,
				54738FCE213CC64000061DDB /* common.js */,
				54738FCF213CC64000061DDB /* base.css */,
				54738FD0213CC64000061DDB /* jquery.js */,
			);
			path = web;
			sourceTree = "<group>";
		};
		54738FD5213CC65F00061DDB /* dyIcon */ = {
			isa = PBXGroup;
			children = (
				54738FD6213CC65F00061DDB /* icon60@2x.png */,
				54738FD7213CC65F00061DDB /* icon29@3x.png */,
				54738FD8213CC65F00061DDB /* icon29@2x.png */,
				54738FD9213CC65F00061DDB /* icon60@3x.png */,
				54738FDA213CC65F00061DDB /* icon40@3x.png */,
				54738FDB213CC65F00061DDB /* icon40@2x.png */,
				54738FDC213CC65F00061DDB /* icon20@2x.png */,
				54738FDD213CC65F00061DDB /* icon20@3x.png */,
			);
			path = dyIcon;
			sourceTree = "<group>";
		};
		54738FE8213D2D5300061DDB /* CopyAndMutableCopy */ = {
			isa = PBXGroup;
			children = (
				54738FE9213D2D8400061DDB /* CopyAndMutableCopyVC.h */,
				54738FEA213D2D8400061DDB /* CopyAndMutableCopyVC.m */,
			);
			path = CopyAndMutableCopy;
			sourceTree = "<group>";
		};
		54738FEC213D2EB400061DDB /* Base */ = {
			isa = PBXGroup;
			children = (
				54D27235213EB21B0085B92D /* YYTableViewCell.h */,
				54D27236213EB21B0085B92D /* YYTableViewCell.m */,
				54D27232213EB04B0085B92D /* YYTableView.h */,
				54D27233213EB04B0085B92D /* YYTableView.m */,
				54738FED213D2EC700061DDB /* BaseViewController.h */,
				54738FEE213D2EC700061DDB /* BaseViewController.m */,
			);
			path = Base;
			sourceTree = "<group>";
		};
		54738FF7213E3A4100061DDB /* resource */ = {
			isa = PBXGroup;
			children = (
				54D2722E213E90670085B92D /* niconiconi@2x.gif */,
				54D2722D213E90670085B92D /* pia@2x.png */,
				54D2722C213E90670085B92D /* wall-e@2x.webp */,
				54D27226213E75B10085B92D /* ResourceWeibo.bundle */,
			);
			path = resource;
			sourceTree = "<group>";
		};
		54AB6746213BAD6000E73D06 /* Factory */ = {
			isa = PBXGroup;
			children = (
				54AB6747213BAD6000E73D06 /* FactoryVC.m */,
				54AB6748213BAD6000E73D06 /* FactoryVC.h */,
				54AB674A213BAEEE00E73D06 /* Factory.h */,
				54AB674B213BAEEE00E73D06 /* Factory.m */,
				54AB674D213BAF5E00E73D06 /* Food.h */,
				54AB674E213BAF5E00E73D06 /* Food.m */,
				54AB6750213BAF7600E73D06 /* MantouBreakfast.h */,
				54AB6751213BAF7600E73D06 /* MantouBreakfast.m */,
				54AB6753213BAF9000E73D06 /* YoutiaoBreakfast.h */,
				54AB6754213BAF9000E73D06 /* YoutiaoBreakfast.m */,
			);
			path = Factory;
			sourceTree = "<group>";
		};
		54AB6756213BB2DD00E73D06 /* Utils */ = {
			isa = PBXGroup;
			children = (
				54AB6757213BB2F500E73D06 /* UIUtil.h */,
				54AB6758213BB2F500E73D06 /* UIUtil.m */,
			);
			path = Utils;
			sourceTree = "<group>";
		};
		54D27228213E8B960085B92D /* YYImageDisplayVC */ = {
			isa = PBXGroup;
			children = (
				54D27229213E8BB30085B92D /* YYImageTestVC.h */,
				54D2722A213E8BB30085B92D /* YYImageTestVC.m */,
			);
			path = YYImageDisplayVC;
			sourceTree = "<group>";
		};
		54E28CF821384D1500DB4B41 = {
			isa = PBXGroup;
			children = (
				54E28D0321384D1500DB4B41 /* OCProject */,
				54E28D1C21384D1600DB4B41 /* OCProjectTests */,
				54E28D2721384D1600DB4B41 /* OCProjectUITests */,
				54E28D0221384D1500DB4B41 /* Products */,
				532437BDBBB0D68D2488FB64 /* Pods */,
				DA08B76557DACE8910017416 /* Frameworks */,
			);
			sourceTree = "<group>";
		};
		54E28D0221384D1500DB4B41 /* Products */ = {
			isa = PBXGroup;
			children = (
				54E28D0121384D1500DB4B41 /* OCProject.app */,
				54E28D1921384D1600DB4B41 /* OCProjectTests.xctest */,
				54E28D2421384D1600DB4B41 /* OCProjectUITests.xctest */,
			);
			name = Products;
			sourceTree = "<group>";
		};
		54E28D0321384D1500DB4B41 /* OCProject */ = {
			isa = PBXGroup;
			children = (
				54E36E6E213D80EB00189E6A /* TestYYKitVC */,
				54738FEC213D2EB400061DDB /* Base */,
				54738FE8213D2D5300061DDB /* CopyAndMutableCopy */,
				54738FE6213CC9FB00061DDB /* README */,
				54738FC1213CC4F100061DDB /* ChangeAppIcon */,
				54738FC6213CC4F100061DDB /* WkJs */,
				5414FC91213C20880098D711 /* TestConstVC */,
				54AB6756213BB2DD00E73D06 /* Utils */,
				54AB6746213BAD6000E73D06 /* Factory */,
				54E28D0421384D1500DB4B41 /* AppDelegate.h */,
				54E28D0521384D1500DB4B41 /* AppDelegate.m */,
				54E28D0A21384D1500DB4B41 /* Main.storyboard */,
				54E28D0D21384D1600DB4B41 /* Assets.xcassets */,
				54E28D0F21384D1600DB4B41 /* LaunchScreen.storyboard */,
				54E28D1221384D1600DB4B41 /* Info.plist */,
				54E28D1321384D1600DB4B41 /* main.m */,
				54D0C25B213AADC400D4B3E6 /* MyTableViewController.h */,
				54D0C25C213AADC400D4B3E6 /* MyTableViewController.m */,
			);
			path = OCProject;
			sourceTree = "<group>";
		};
		54E28D1C21384D1600DB4B41 /* OCProjectTests */ = {
			isa = PBXGroup;
			children = (
				54E28D1D21384D1600DB4B41 /* OCProjectTests.m */,
				54E28D1F21384D1600DB4B41 /* Info.plist */,
			);
			path = OCProjectTests;
			sourceTree = "<group>";
		};
		54E28D2721384D1600DB4B41 /* OCProjectUITests */ = {
			isa = PBXGroup;
			children = (
				54E28D2821384D1600DB4B41 /* OCProjectUITests.m */,
				54E28D2A21384D1600DB4B41 /* Info.plist */,
			);
			path = OCProjectUITests;
			sourceTree = "<group>";
		};
		54E36E6E213D80EB00189E6A /* TestYYKitVC */ = {
			isa = PBXGroup;
			children = (
				54D27228213E8B960085B92D /* YYImageDisplayVC */,
				54738FF7213E3A4100061DDB /* resource */,
				54E36E75213D85B300189E6A /* ItemLayout.h */,
				54738FF2213E246700061DDB /* ItemLayout.m */,
				54E36E72213D81AA00189E6A /* TestYYkitVC.h */,
				54E36E73213D81AA00189E6A /* TestYYkitVC.m */,
				54738FF4213E24BC00061DDB /* DataModel.h */,
				54738FF5213E24BC00061DDB /* DataModel.m */,
				54739000213E619300061DDB /* ProfileView.h */,
				54739001213E619300061DDB /* ProfileView.m */,
				54D27223213E739C0085B92D /* YYDemoHelper.h */,
				54D27224213E739C0085B92D /* YYDemoHelper.m */,
			);
			path = TestYYKitVC;
			sourceTree = "<group>";
		};
		DA08B76557DACE8910017416 /* Frameworks */ = {
			isa = PBXGroup;
			children = (
				FA0F459C401A98BA065B51A5 /* libPods-OCProject.a */,
			);
			name = Frameworks;
			sourceTree = "<group>";
		};
/* End PBXGroup section */

/* Begin PBXNativeTarget section */
		54E28D0021384D1500DB4B41 /* OCProject */ = {
			isa = PBXNativeTarget;
			buildConfigurationList = 54E28D2D21384D1600DB4B41 /* Build configuration list for PBXNativeTarget "OCProject" */;
			buildPhases = (
				2F4D5546268B4E54980534A0 /* [CP] Check Pods Manifest.lock */,
				54E28CFD21384D1500DB4B41 /* Sources */,
				54E28CFE21384D1500DB4B41 /* Frameworks */,
				54E28CFF21384D1500DB4B41 /* Resources */,
			);
			buildRules = (
			);
			dependencies = (
			);
			name = OCProject;
			productName = OCProject;
			productReference = 54E28D0121384D1500DB4B41 /* OCProject.app */;
			productType = "com.apple.product-type.application";
		};
		54E28D1821384D1600DB4B41 /* OCProjectTests */ = {
			isa = PBXNativeTarget;
			buildConfigurationList = 54E28D3021384D1600DB4B41 /* Build configuration list for PBXNativeTarget "OCProjectTests" */;
			buildPhases = (
				54E28D1521384D1600DB4B41 /* Sources */,
				54E28D1621384D1600DB4B41 /* Frameworks */,
				54E28D1721384D1600DB4B41 /* Resources */,
			);
			buildRules = (
			);
			dependencies = (
				54E28D1B21384D1600DB4B41 /* PBXTargetDependency */,
			);
			name = OCProjectTests;
			productName = OCProjectTests;
			productReference = 54E28D1921384D1600DB4B41 /* OCProjectTests.xctest */;
			productType = "com.apple.product-type.bundle.unit-test";
		};
		54E28D2321384D1600DB4B41 /* OCProjectUITests */ = {
			isa = PBXNativeTarget;
			buildConfigurationList = 54E28D3321384D1600DB4B41 /* Build configuration list for PBXNativeTarget "OCProjectUITests" */;
			buildPhases = (
				54E28D2021384D1600DB4B41 /* Sources */,
				54E28D2121384D1600DB4B41 /* Frameworks */,
				54E28D2221384D1600DB4B41 /* Resources */,
			);
			buildRules = (
			);
			dependencies = (
				54E28D2621384D1600DB4B41 /* PBXTargetDependency */,
			);
			name = OCProjectUITests;
			productName = OCProjectUITests;
			productReference = 54E28D2421384D1600DB4B41 /* OCProjectUITests.xctest */;
			productType = "com.apple.product-type.bundle.ui-testing";
		};
/* End PBXNativeTarget section */

/* Begin PBXProject section */
		54E28CF921384D1500DB4B41 /* Project object */ = {
			isa = PBXProject;
			attributes = {
				LastUpgradeCheck = 0940;
				ORGANIZATIONNAME = wqq;
				TargetAttributes = {
					54E28D0021384D1500DB4B41 = {
						CreatedOnToolsVersion = 9.4.1;
					};
					54E28D1821384D1600DB4B41 = {
						CreatedOnToolsVersion = 9.4.1;
						TestTargetID = 54E28D0021384D1500DB4B41;
					};
					54E28D2321384D1600DB4B41 = {
						CreatedOnToolsVersion = 9.4.1;
						TestTargetID = 54E28D0021384D1500DB4B41;
					};
				};
			};
			buildConfigurationList = 54E28CFC21384D1500DB4B41 /* Build configuration list for PBXProject "OCProject" */;
			compatibilityVersion = "Xcode 9.3";
			developmentRegion = en;
			hasScannedForEncodings = 0;
			knownRegions = (
				en,
				Base,
			);
			mainGroup = 54E28CF821384D1500DB4B41;
			productRefGroup = 54E28D0221384D1500DB4B41 /* Products */;
			projectDirPath = "";
			projectRoot = "";
			targets = (
				54E28D0021384D1500DB4B41 /* OCProject */,
				54E28D1821384D1600DB4B41 /* OCProjectTests */,
				54E28D2321384D1600DB4B41 /* OCProjectUITests */,
			);
		};
/* End PBXProject section */

/* Begin PBXResourcesBuildPhase section */
		54E28CFF21384D1500DB4B41 /* Resources */ = {
			isa = PBXResourcesBuildPhase;
			buildActionMask = 2147483647;
			files = (
				54D27230213E90670085B92D /* pia@2x.png in Resources */,
				54738FE3213CC65F00061DDB /* icon40@2x.png in Resources */,
				54738FE2213CC65F00061DDB /* icon40@3x.png in Resources */,
				54E28D1121384D1600DB4B41 /* LaunchScreen.storyboard in Resources */,
				54D27231213E90670085B92D /* niconiconi@2x.gif in Resources */,
				54738FE4213CC65F00061DDB /* icon20@2x.png in Resources */,
				54D27227213E75B10085B92D /* ResourceWeibo.bundle in Resources */,
				54738FE7213CC9FB00061DDB /* README in Resources */,
				54738FDE213CC65F00061DDB /* icon60@2x.png in Resources */,
				54738FDF213CC65F00061DDB /* icon29@3x.png in Resources */,
				54738FE1213CC65F00061DDB /* icon60@3x.png in Resources */,
				54738FD1213CC64000061DDB /* index.html in Resources */,
				54738FD3213CC64000061DDB /* base.css in Resources */,
				54E28D0E21384D1600DB4B41 /* Assets.xcassets in Resources */,
				54E28D0C21384D1500DB4B41 /* Main.storyboard in Resources */,
				54738FD4213CC64000061DDB /* jquery.js in Resources */,
				54738FE0213CC65F00061DDB /* icon29@2x.png in Resources */,
				54738FE5213CC65F00061DDB /* icon20@3x.png in Resources */,
				54D2722F213E90670085B92D /* wall-e@2x.webp in Resources */,
				54738FD2213CC64000061DDB /* common.js in Resources */,
			);
			runOnlyForDeploymentPostprocessing = 0;
		};
		54E28D1721384D1600DB4B41 /* Resources */ = {
			isa = PBXResourcesBuildPhase;
			buildActionMask = 2147483647;
			files = (
			);
			runOnlyForDeploymentPostprocessing = 0;
		};
		54E28D2221384D1600DB4B41 /* Resources */ = {
			isa = PBXResourcesBuildPhase;
			buildActionMask = 2147483647;
			files = (
			);
			runOnlyForDeploymentPostprocessing = 0;
		};
/* End PBXResourcesBuildPhase section */

/* Begin PBXShellScriptBuildPhase section */
		2F4D5546268B4E54980534A0 /* [CP] Check Pods Manifest.lock */ = {
			isa = PBXShellScriptBuildPhase;
			buildActionMask = 2147483647;
			files = (
			);
			inputPaths = (
				"${PODS_PODFILE_DIR_PATH}/Podfile.lock",
				"${PODS_ROOT}/Manifest.lock",
			);
			name = "[CP] Check Pods Manifest.lock";
			outputPaths = (
				"$(DERIVED_FILE_DIR)/Pods-OCProject-checkManifestLockResult.txt",
			);
			runOnlyForDeploymentPostprocessing = 0;
			shellPath = /bin/sh;
			shellScript = "diff \"${PODS_PODFILE_DIR_PATH}/Podfile.lock\" \"${PODS_ROOT}/Manifest.lock\" > /dev/null\nif [ $? != 0 ] ; then\n    # print error to STDERR\n    echo \"error: The sandbox is not in sync with the Podfile.lock. Run 'pod install' or update your CocoaPods installation.\" >&2\n    exit 1\nfi\n# This output is used by Xcode 'outputs' to avoid re-running this script phase.\necho \"SUCCESS\" > \"${SCRIPT_OUTPUT_FILE_0}\"\n";
			showEnvVarsInLog = 0;
		};
/* End PBXShellScriptBuildPhase section */

/* Begin PBXSourcesBuildPhase section */
		54E28CFD21384D1500DB4B41 /* Sources */ = {
			isa = PBXSourcesBuildPhase;
			buildActionMask = 2147483647;
			files = (
				5414FC94213C209C0098D711 /* TestConstVC.m in Sources */,
				54738FEF213D2EC700061DDB /* BaseViewController.m in Sources */,
				54739002213E619300061DDB /* ProfileView.m in Sources */,
				54AB674C213BAEEE00E73D06 /* Factory.m in Sources */,
				54D27237213EB21B0085B92D /* YYTableViewCell.m in Sources */,
				54D27225213E739C0085B92D /* YYDemoHelper.m in Sources */,
				54D27234213EB04B0085B92D /* YYTableView.m in Sources */,
				54738FF3213E246700061DDB /* ItemLayout.m in Sources */,
				54D2722B213E8BB30085B92D /* YYImageTestVC.m in Sources */,
				54E28D1421384D1600DB4B41 /* main.m in Sources */,
				54AB6759213BB2F500E73D06 /* UIUtil.m in Sources */,
				54AB6755213BAF9000E73D06 /* YoutiaoBreakfast.m in Sources */,
				54738FC9213CC4F100061DDB /* ChangeAppIconVC.m in Sources */,
				54738FCB213CC4F100061DDB /* WkJsVC.m in Sources */,
				54AB6752213BAF7600E73D06 /* MantouBreakfast.m in Sources */,
				54E28D0621384D1500DB4B41 /* AppDelegate.m in Sources */,
				54738FF6213E24BC00061DDB /* DataModel.m in Sources */,
				54D0C25D213AADC400D4B3E6 /* MyTableViewController.m in Sources */,
				54E36E74213D81AA00189E6A /* TestYYkitVC.m in Sources */,
				54738FCA213CC4F100061DDB /* UIViewController+HideAlert.m in Sources */,
				54AB674F213BAF5E00E73D06 /* Food.m in Sources */,
				54AB6749213BAD6000E73D06 /* FactoryVC.m in Sources */,
				54738FEB213D2D8400061DDB /* CopyAndMutableCopyVC.m in Sources */,
			);
			runOnlyForDeploymentPostprocessing = 0;
		};
		54E28D1521384D1600DB4B41 /* Sources */ = {
			isa = PBXSourcesBuildPhase;
			buildActionMask = 2147483647;
			files = (
				54E28D1E21384D1600DB4B41 /* OCProjectTests.m in Sources */,
			);
			runOnlyForDeploymentPostprocessing = 0;
		};
		54E28D2021384D1600DB4B41 /* Sources */ = {
			isa = PBXSourcesBuildPhase;
			buildActionMask = 2147483647;
			files = (
				54E28D2921384D1600DB4B41 /* OCProjectUITests.m in Sources */,
			);
			runOnlyForDeploymentPostprocessing = 0;
		};
/* End PBXSourcesBuildPhase section */

/* Begin PBXTargetDependency section */
		54E28D1B21384D1600DB4B41 /* PBXTargetDependency */ = {
			isa = PBXTargetDependency;
			target = 54E28D0021384D1500DB4B41 /* OCProject */;
			targetProxy = 54E28D1A21384D1600DB4B41 /* PBXContainerItemProxy */;
		};
		54E28D2621384D1600DB4B41 /* PBXTargetDependency */ = {
			isa = PBXTargetDependency;
			target = 54E28D0021384D1500DB4B41 /* OCProject */;
			targetProxy = 54E28D2521384D1600DB4B41 /* PBXContainerItemProxy */;
		};
/* End PBXTargetDependency section */

/* Begin PBXVariantGroup section */
		54E28D0A21384D1500DB4B41 /* Main.storyboard */ = {
			isa = PBXVariantGroup;
			children = (
				54E28D0B21384D1500DB4B41 /* Base */,
			);
			name = Main.storyboard;
			sourceTree = "<group>";
		};
		54E28D0F21384D1600DB4B41 /* LaunchScreen.storyboard */ = {
			isa = PBXVariantGroup;
			children = (
				54E28D1021384D1600DB4B41 /* Base */,
			);
			name = LaunchScreen.storyboard;
			sourceTree = "<group>";
		};
/* End PBXVariantGroup section */

/* Begin XCBuildConfiguration section */
		54E28D2B21384D1600DB4B41 /* Debug */ = {
			isa = XCBuildConfiguration;
			buildSettings = {
				ALWAYS_SEARCH_USER_PATHS = NO;
				CLANG_ANALYZER_NONNULL = YES;
				CLANG_ANALYZER_NUMBER_OBJECT_CONVERSION = YES_AGGRESSIVE;
				CLANG_CXX_LANGUAGE_STANDARD = "gnu++14";
				CLANG_CXX_LIBRARY = "libc++";
				CLANG_ENABLE_MODULES = YES;
				CLANG_ENABLE_OBJC_ARC = YES;
				CLANG_ENABLE_OBJC_WEAK = YES;
				CLANG_WARN_BLOCK_CAPTURE_AUTORELEASING = YES;
				CLANG_WARN_BOOL_CONVERSION = YES;
				CLANG_WARN_COMMA = YES;
				CLANG_WARN_CONSTANT_CONVERSION = YES;
				CLANG_WARN_DEPRECATED_OBJC_IMPLEMENTATIONS = YES;
				CLANG_WARN_DIRECT_OBJC_ISA_USAGE = YES_ERROR;
				CLANG_WARN_DOCUMENTATION_COMMENTS = YES;
				CLANG_WARN_EMPTY_BODY = YES;
				CLANG_WARN_ENUM_CONVERSION = YES;
				CLANG_WARN_INFINITE_RECURSION = YES;
				CLANG_WARN_INT_CONVERSION = YES;
				CLANG_WARN_NON_LITERAL_NULL_CONVERSION = YES;
				CLANG_WARN_OBJC_IMPLICIT_RETAIN_SELF = YES;
				CLANG_WARN_OBJC_LITERAL_CONVERSION = YES;
				CLANG_WARN_OBJC_ROOT_CLASS = YES_ERROR;
				CLANG_WARN_RANGE_LOOP_ANALYSIS = YES;
				CLANG_WARN_STRICT_PROTOTYPES = YES;
				CLANG_WARN_SUSPICIOUS_MOVE = YES;
				CLANG_WARN_UNGUARDED_AVAILABILITY = YES_AGGRESSIVE;
				CLANG_WARN_UNREACHABLE_CODE = YES;
				CLANG_WARN__DUPLICATE_METHOD_MATCH = YES;
				CODE_SIGN_IDENTITY = "iPhone Developer";
				COPY_PHASE_STRIP = NO;
				DEBUG_INFORMATION_FORMAT = dwarf;
				ENABLE_STRICT_OBJC_MSGSEND = YES;
				ENABLE_TESTABILITY = YES;
				GCC_C_LANGUAGE_STANDARD = gnu11;
				GCC_DYNAMIC_NO_PIC = NO;
				GCC_NO_COMMON_BLOCKS = YES;
				GCC_OPTIMIZATION_LEVEL = 0;
				GCC_PREPROCESSOR_DEFINITIONS = (
					"DEBUG=1",
					"$(inherited)",
				);
				GCC_WARN_64_TO_32_BIT_CONVERSION = YES;
				GCC_WARN_ABOUT_RETURN_TYPE = YES_ERROR;
				GCC_WARN_UNDECLARED_SELECTOR = YES;
				GCC_WARN_UNINITIALIZED_AUTOS = YES_AGGRESSIVE;
				GCC_WARN_UNUSED_FUNCTION = YES;
				GCC_WARN_UNUSED_VARIABLE = YES;
				IPHONEOS_DEPLOYMENT_TARGET = 11.4;
				MTL_ENABLE_DEBUG_INFO = YES;
				ONLY_ACTIVE_ARCH = YES;
				SDKROOT = iphoneos;
			};
			name = Debug;
		};
		54E28D2C21384D1600DB4B41 /* Release */ = {
			isa = XCBuildConfiguration;
			buildSettings = {
				ALWAYS_SEARCH_USER_PATHS = NO;
				CLANG_ANALYZER_NONNULL = YES;
				CLANG_ANALYZER_NUMBER_OBJECT_CONVERSION = YES_AGGRESSIVE;
				CLANG_CXX_LANGUAGE_STANDARD = "gnu++14";
				CLANG_CXX_LIBRARY = "libc++";
				CLANG_ENABLE_MODULES = YES;
				CLANG_ENABLE_OBJC_ARC = YES;
				CLANG_ENABLE_OBJC_WEAK = YES;
				CLANG_WARN_BLOCK_CAPTURE_AUTORELEASING = YES;
				CLANG_WARN_BOOL_CONVERSION = YES;
				CLANG_WARN_COMMA = YES;
				CLANG_WARN_CONSTANT_CONVERSION = YES;
				CLANG_WARN_DEPRECATED_OBJC_IMPLEMENTATIONS = YES;
				CLANG_WARN_DIRECT_OBJC_ISA_USAGE = YES_ERROR;
				CLANG_WARN_DOCUMENTATION_COMMENTS = YES;
				CLANG_WARN_EMPTY_BODY = YES;
				CLANG_WARN_ENUM_CONVERSION = YES;
				CLANG_WARN_INFINITE_RECURSION = YES;
				CLANG_WARN_INT_CONVERSION = YES;
				CLANG_WARN_NON_LITERAL_NULL_CONVERSION = YES;
				CLANG_WARN_OBJC_IMPLICIT_RETAIN_SELF = YES;
				CLANG_WARN_OBJC_LITERAL_CONVERSION = YES;
				CLANG_WARN_OBJC_ROOT_CLASS = YES_ERROR;
				CLANG_WARN_RANGE_LOOP_ANALYSIS = YES;
				CLANG_WARN_STRICT_PROTOTYPES = YES;
				CLANG_WARN_SUSPICIOUS_MOVE = YES;
				CLANG_WARN_UNGUARDED_AVAILABILITY = YES_AGGRESSIVE;
				CLANG_WARN_UNREACHABLE_CODE = YES;
				CLANG_WARN__DUPLICATE_METHOD_MATCH = YES;
				CODE_SIGN_IDENTITY = "iPhone Developer";
				COPY_PHASE_STRIP = NO;
				DEBUG_INFORMATION_FORMAT = "dwarf-with-dsym";
				ENABLE_NS_ASSERTIONS = NO;
				ENABLE_STRICT_OBJC_MSGSEND = YES;
				GCC_C_LANGUAGE_STANDARD = gnu11;
				GCC_NO_COMMON_BLOCKS = YES;
				GCC_WARN_64_TO_32_BIT_CONVERSION = YES;
				GCC_WARN_ABOUT_RETURN_TYPE = YES_ERROR;
				GCC_WARN_UNDECLARED_SELECTOR = YES;
				GCC_WARN_UNINITIALIZED_AUTOS = YES_AGGRESSIVE;
				GCC_WARN_UNUSED_FUNCTION = YES;
				GCC_WARN_UNUSED_VARIABLE = YES;
				IPHONEOS_DEPLOYMENT_TARGET = 11.4;
				MTL_ENABLE_DEBUG_INFO = NO;
				SDKROOT = iphoneos;
				VALIDATE_PRODUCT = YES;
			};
			name = Release;
		};
		54E28D2E21384D1600DB4B41 /* Debug */ = {
			isa = XCBuildConfiguration;
			baseConfigurationReference = 5EDCDB49457BAB0E4B05EF8B /* Pods-OCProject.debug.xcconfig */;
			buildSettings = {
				ASSETCATALOG_COMPILER_APPICON_NAME = AppIcon;
				CODE_SIGN_IDENTITY = "iPhone Developer";
				CODE_SIGN_STYLE = Automatic;
				DEVELOPMENT_TEAM = 59Y45547NM;
				INFOPLIST_FILE = OCProject/Info.plist;
				IPHONEOS_DEPLOYMENT_TARGET = 8.0;
				LD_RUNPATH_SEARCH_PATHS = (
					"$(inherited)",
					"@executable_path/Frameworks",
				);
				PRODUCT_BUNDLE_IDENTIFIER = com.dianyou.OCProject;
				PRODUCT_NAME = "$(TARGET_NAME)";
				PROVISIONING_PROFILE_SPECIFIER = "";
				TARGETED_DEVICE_FAMILY = 1;
			};
			name = Debug;
		};
		54E28D2F21384D1600DB4B41 /* Release */ = {
			isa = XCBuildConfiguration;
			baseConfigurationReference = 021AAFDF9801D3E1A563D7A8 /* Pods-OCProject.release.xcconfig */;
			buildSettings = {
				ASSETCATALOG_COMPILER_APPICON_NAME = AppIcon;
				CODE_SIGN_IDENTITY = "iPhone Developer";
				CODE_SIGN_STYLE = Automatic;
				DEVELOPMENT_TEAM = 59Y45547NM;
				INFOPLIST_FILE = OCProject/Info.plist;
				IPHONEOS_DEPLOYMENT_TARGET = 8.0;
				LD_RUNPATH_SEARCH_PATHS = (
					"$(inherited)",
					"@executable_path/Frameworks",
				);
				PRODUCT_BUNDLE_IDENTIFIER = com.dianyou.OCProject;
				PRODUCT_NAME = "$(TARGET_NAME)";
				PROVISIONING_PROFILE_SPECIFIER = "";
				TARGETED_DEVICE_FAMILY = 1;
			};
			name = Release;
		};
		54E28D3121384D1600DB4B41 /* Debug */ = {
			isa = XCBuildConfiguration;
			buildSettings = {
				BUNDLE_LOADER = "$(TEST_HOST)";
				CODE_SIGN_STYLE = Automatic;
				DEVELOPMENT_TEAM = AF8F677DE2;
				INFOPLIST_FILE = OCProjectTests/Info.plist;
				LD_RUNPATH_SEARCH_PATHS = (
					"$(inherited)",
					"@executable_path/Frameworks",
					"@loader_path/Frameworks",
				);
				PRODUCT_BUNDLE_IDENTIFIER = com.dianyou.oc.OCProjectTests;
				PRODUCT_NAME = "$(TARGET_NAME)";
				TARGETED_DEVICE_FAMILY = "1,2";
				TEST_HOST = "$(BUILT_PRODUCTS_DIR)/OCProject.app/OCProject";
			};
			name = Debug;
		};
		54E28D3221384D1600DB4B41 /* Release */ = {
			isa = XCBuildConfiguration;
			buildSettings = {
				BUNDLE_LOADER = "$(TEST_HOST)";
				CODE_SIGN_STYLE = Automatic;
				DEVELOPMENT_TEAM = AF8F677DE2;
				INFOPLIST_FILE = OCProjectTests/Info.plist;
				LD_RUNPATH_SEARCH_PATHS = (
					"$(inherited)",
					"@executable_path/Frameworks",
					"@loader_path/Frameworks",
				);
				PRODUCT_BUNDLE_IDENTIFIER = com.dianyou.oc.OCProjectTests;
				PRODUCT_NAME = "$(TARGET_NAME)";
				TARGETED_DEVICE_FAMILY = "1,2";
				TEST_HOST = "$(BUILT_PRODUCTS_DIR)/OCProject.app/OCProject";
			};
			name = Release;
		};
		54E28D3421384D1600DB4B41 /* Debug */ = {
			isa = XCBuildConfiguration;
			buildSettings = {
				CODE_SIGN_STYLE = Automatic;
				DEVELOPMENT_TEAM = AF8F677DE2;
				INFOPLIST_FILE = OCProjectUITests/Info.plist;
				LD_RUNPATH_SEARCH_PATHS = (
					"$(inherited)",
					"@executable_path/Frameworks",
					"@loader_path/Frameworks",
				);
				PRODUCT_BUNDLE_IDENTIFIER = com.dianyou.oc.OCProjectUITests;
				PRODUCT_NAME = "$(TARGET_NAME)";
				TARGETED_DEVICE_FAMILY = "1,2";
				TEST_TARGET_NAME = OCProject;
			};
			name = Debug;
		};
		54E28D3521384D1600DB4B41 /* Release */ = {
			isa = XCBuildConfiguration;
			buildSettings = {
				CODE_SIGN_STYLE = Automatic;
				DEVELOPMENT_TEAM = AF8F677DE2;
				INFOPLIST_FILE = OCProjectUITests/Info.plist;
				LD_RUNPATH_SEARCH_PATHS = (
					"$(inherited)",
					"@executable_path/Frameworks",
					"@loader_path/Frameworks",
				);
				PRODUCT_BUNDLE_IDENTIFIER = com.dianyou.oc.OCProjectUITests;
				PRODUCT_NAME = "$(TARGET_NAME)";
				TARGETED_DEVICE_FAMILY = "1,2";
				TEST_TARGET_NAME = OCProject;
			};
			name = Release;
		};
/* End XCBuildConfiguration section */

/* Begin XCConfigurationList section */
		54E28CFC21384D1500DB4B41 /* Build configuration list for PBXProject "OCProject" */ = {
			isa = XCConfigurationList;
			buildConfigurations = (
				54E28D2B21384D1600DB4B41 /* Debug */,
				54E28D2C21384D1600DB4B41 /* Release */,
			);
			defaultConfigurationIsVisible = 0;
			defaultConfigurationName = Release;
		};
		54E28D2D21384D1600DB4B41 /* Build configuration list for PBXNativeTarget "OCProject" */ = {
			isa = XCConfigurationList;
			buildConfigurations = (
				54E28D2E21384D1600DB4B41 /* Debug */,
				54E28D2F21384D1600DB4B41 /* Release */,
			);
			defaultConfigurationIsVisible = 0;
			defaultConfigurationName = Release;
		};
		54E28D3021384D1600DB4B41 /* Build configuration list for PBXNativeTarget "OCProjectTests" */ = {
			isa = XCConfigurationList;
			buildConfigurations = (
				54E28D3121384D1600DB4B41 /* Debug */,
				54E28D3221384D1600DB4B41 /* Release */,
			);
			defaultConfigurationIsVisible = 0;
			defaultConfigurationName = Release;
		};
		54E28D3321384D1600DB4B41 /* Build configuration list for PBXNativeTarget "OCProjectUITests" */ = {
			isa = XCConfigurationList;
			buildConfigurations = (
				54E28D3421384D1600DB4B41 /* Debug */,
				54E28D3521384D1600DB4B41 /* Release */,
			);
			defaultConfigurationIsVisible = 0;
			defaultConfigurationName = Release;
		};
/* End XCConfigurationList section */
	};
	rootObject = 54E28CF921384D1500DB4B41 /* Project object */;
}
