// !$*UTF8*$!
{
	archiveVersion = 1;
	classes = {
	};
	objectVersion = 50;
	objects = {

/* Begin PBXBuildFile section */
		1D57ED42FD4104691AD2CEC0 /* libPods-OCProjectTests.a in Frameworks */ = {isa = PBXBuildFile; fileRef = BB0ACACBD84094F4C1594BCA /* libPods-OCProjectTests.a */; };
		4AB9E0962858AC1C2E8CA83B /* libPods-OCProject.a in Frameworks */ = {isa = PBXBuildFile; fileRef = FA0F459C401A98BA065B51A5 /* libPods-OCProject.a */; };
		5414FC94213C209C0098D711 /* TestConstVC.m in Sources */ = {isa = PBXBuildFile; fileRef = 5414FC93213C209C0098D711 /* TestConstVC.m */; };
		54612FEA2170509E00639F6C /* TestKVC.m in Sources */ = {isa = PBXBuildFile; fileRef = 54612FE92170509E00639F6C /* TestKVC.m */; };
		54612FED217050C200639F6C /* Test.m in Sources */ = {isa = PBXBuildFile; fileRef = 54612FEC217050C200639F6C /* Test.m */; };
		54738FC9213CC4F100061DDB /* ChangeAppIconVC.m in Sources */ = {isa = PBXBuildFile; fileRef = 54738FC4213CC4F100061DDB /* ChangeAppIconVC.m */; };
		54738FCA213CC4F100061DDB /* UIViewController+HideAlert.m in Sources */ = {isa = PBXBuildFile; fileRef = 54738FC5213CC4F100061DDB /* UIViewController+HideAlert.m */; };
		54738FCB213CC4F100061DDB /* WkJsVC.m in Sources */ = {isa = PBXBuildFile; fileRef = 54738FC8213CC4F100061DDB /* WkJsVC.m */; };
		54738FD1213CC64000061DDB /* index.html in Resources */ = {isa = PBXBuildFile; fileRef = 54738FCD213CC64000061DDB /* index.html */; };
		54738FD2213CC64000061DDB /* common.js in Resources */ = {isa = PBXBuildFile; fileRef = 54738FCE213CC64000061DDB /* common.js */; };
		54738FD3213CC64000061DDB /* base.css in Resources */ = {isa = PBXBuildFile; fileRef = 54738FCF213CC64000061DDB /* base.css */; };
		54738FD4213CC64000061DDB /* jquery.js in Resources */ = {isa = PBXBuildFile; fileRef = 54738FD0213CC64000061DDB /* jquery.js */; };
		54738FDE213CC65F00061DDB /* icon60@2x.png in Resources */ = {isa = PBXBuildFile; fileRef = 54738FD6213CC65F00061DDB /* icon60@2x.png */; };
		54738FDF213CC65F00061DDB /* icon29@3x.png in Resources */ = {isa = PBXBuildFile; fileRef = 54738FD7213CC65F00061DDB /* icon29@3x.png */; };
		54738FE0213CC65F00061DDB /* icon29@2x.png in Resources */ = {isa = PBXBuildFile; fileRef = 54738FD8213CC65F00061DDB /* icon29@2x.png */; };
		54738FE1213CC65F00061DDB /* icon60@3x.png in Resources */ = {isa = PBXBuildFile; fileRef = 54738FD9213CC65F00061DDB /* icon60@3x.png */; };
		54738FE2213CC65F00061DDB /* icon40@3x.png in Resources */ = {isa = PBXBuildFile; fileRef = 54738FDA213CC65F00061DDB /* icon40@3x.png */; };
		54738FE3213CC65F00061DDB /* icon40@2x.png in Resources */ = {isa = PBXBuildFile; fileRef = 54738FDB213CC65F00061DDB /* icon40@2x.png */; };
		54738FE4213CC65F00061DDB /* icon20@2x.png in Resources */ = {isa = PBXBuildFile; fileRef = 54738FDC213CC65F00061DDB /* icon20@2x.png */; };
		54738FE5213CC65F00061DDB /* icon20@3x.png in Resources */ = {isa = PBXBuildFile; fileRef = 54738FDD213CC65F00061DDB /* icon20@3x.png */; };
		54738FE7213CC9FB00061DDB /* README in Resources */ = {isa = PBXBuildFile; fileRef = 54738FE6213CC9FB00061DDB /* README */; };
		54738FEB213D2D8400061DDB /* CopyAndMutableCopyVC.m in Sources */ = {isa = PBXBuildFile; fileRef = 54738FEA213D2D8400061DDB /* CopyAndMutableCopyVC.m */; };
		54738FEF213D2EC700061DDB /* BaseViewController.m in Sources */ = {isa = PBXBuildFile; fileRef = 54738FEE213D2EC700061DDB /* BaseViewController.m */; };
		54738FF3213E246700061DDB /* ItemLayout.m in Sources */ = {isa = PBXBuildFile; fileRef = 54738FF2213E246700061DDB /* ItemLayout.m */; };
		54738FF6213E24BC00061DDB /* DataModel.m in Sources */ = {isa = PBXBuildFile; fileRef = 54738FF5213E24BC00061DDB /* DataModel.m */; };
		54739002213E619300061DDB /* ProfileView.m in Sources */ = {isa = PBXBuildFile; fileRef = 54739001213E619300061DDB /* ProfileView.m */; };
		54AB6749213BAD6000E73D06 /* FactoryVC.m in Sources */ = {isa = PBXBuildFile; fileRef = 54AB6747213BAD6000E73D06 /* FactoryVC.m */; };
		54AB674C213BAEEE00E73D06 /* Factory.m in Sources */ = {isa = PBXBuildFile; fileRef = 54AB674B213BAEEE00E73D06 /* Factory.m */; };
		54AB674F213BAF5E00E73D06 /* Food.m in Sources */ = {isa = PBXBuildFile; fileRef = 54AB674E213BAF5E00E73D06 /* Food.m */; };
		54AB6752213BAF7600E73D06 /* MantouBreakfast.m in Sources */ = {isa = PBXBuildFile; fileRef = 54AB6751213BAF7600E73D06 /* MantouBreakfast.m */; };
		54AB6755213BAF9000E73D06 /* YoutiaoBreakfast.m in Sources */ = {isa = PBXBuildFile; fileRef = 54AB6754213BAF9000E73D06 /* YoutiaoBreakfast.m */; };
		54AB6759213BB2F500E73D06 /* UIUtil.m in Sources */ = {isa = PBXBuildFile; fileRef = 54AB6758213BB2F500E73D06 /* UIUtil.m */; };
		54B7B79C21410DB5003C8A2F /* QRViewController.m in Sources */ = {isa = PBXBuildFile; fileRef = 54B7B79B21410DB4003C8A2F /* QRViewController.m */; };
		54B7B79F21410F8D003C8A2F /* ScanQRVC.m in Sources */ = {isa = PBXBuildFile; fileRef = 54B7B79E21410F8D003C8A2F /* ScanQRVC.m */; };
		54B7B7A221410FA3003C8A2F /* MakeQRVC.m in Sources */ = {isa = PBXBuildFile; fileRef = 54B7B7A121410FA3003C8A2F /* MakeQRVC.m */; };
		54B7B7A4214117F1003C8A2F /* appicon.jpg in Resources */ = {isa = PBXBuildFile; fileRef = 54B7B7A3214117F1003C8A2F /* appicon.jpg */; };
		54D0C25D213AADC400D4B3E6 /* MyTableViewController.m in Sources */ = {isa = PBXBuildFile; fileRef = 54D0C25C213AADC400D4B3E6 /* MyTableViewController.m */; };
		54D27225213E739C0085B92D /* YYDemoHelper.m in Sources */ = {isa = PBXBuildFile; fileRef = 54D27224213E739C0085B92D /* YYDemoHelper.m */; };
		54D27227213E75B10085B92D /* ResourceWeibo.bundle in Resources */ = {isa = PBXBuildFile; fileRef = 54D27226213E75B10085B92D /* ResourceWeibo.bundle */; };
		54D2722B213E8BB30085B92D /* YYImageTestVC.m in Sources */ = {isa = PBXBuildFile; fileRef = 54D2722A213E8BB30085B92D /* YYImageTestVC.m */; };
		54D2722F213E90670085B92D /* wall-e@2x.webp in Resources */ = {isa = PBXBuildFile; fileRef = 54D2722C213E90670085B92D /* wall-e@2x.webp */; };
		54D27230213E90670085B92D /* pia@2x.png in Resources */ = {isa = PBXBuildFile; fileRef = 54D2722D213E90670085B92D /* pia@2x.png */; };
		54D27231213E90670085B92D /* niconiconi@2x.gif in Resources */ = {isa = PBXBuildFile; fileRef = 54D2722E213E90670085B92D /* niconiconi@2x.gif */; };
		54D27234213EB04B0085B92D /* YYTableView.m in Sources */ = {isa = PBXBuildFile; fileRef = 54D27233213EB04B0085B92D /* YYTableView.m */; };
		54D27237213EB21B0085B92D /* YYTableViewCell.m in Sources */ = {isa = PBXBuildFile; fileRef = 54D27236213EB21B0085B92D /* YYTableViewCell.m */; };
		54D2723F213FEB960085B92D /* GCDController.m in Sources */ = {isa = PBXBuildFile; fileRef = 54D2723E213FEB960085B92D /* GCDController.m */; };
		54E18E9A2175887200177C4F /* StudyYYModelVC.m in Sources */ = {isa = PBXBuildFile; fileRef = 54E18E992175887200177C4F /* StudyYYModelVC.m */; };
		54E18E9D217588DB00177C4F /* CustomModel.m in Sources */ = {isa = PBXBuildFile; fileRef = 54E18E9C217588DB00177C4F /* CustomModel.m */; };
		54E18EA02175DCE300177C4F /* RuntimeClass.m in Sources */ = {isa = PBXBuildFile; fileRef = 54E18E9F2175DCE300177C4F /* RuntimeClass.m */; };
		54E18EA82178148C00177C4F /* TestFMDBVC.m in Sources */ = {isa = PBXBuildFile; fileRef = 54E18EA22178148C00177C4F /* TestFMDBVC.m */; };
		54E18EA92178148C00177C4F /* DBHelper.m in Sources */ = {isa = PBXBuildFile; fileRef = 54E18EA32178148C00177C4F /* DBHelper.m */; };
		54E18EAA2178148C00177C4F /* UserModel.m in Sources */ = {isa = PBXBuildFile; fileRef = 54E18EA42178148C00177C4F /* UserModel.m */; };
		54E28D0621384D1500DB4B41 /* AppDelegate.m in Sources */ = {isa = PBXBuildFile; fileRef = 54E28D0521384D1500DB4B41 /* AppDelegate.m */; };
		54E28D0C21384D1500DB4B41 /* Main.storyboard in Resources */ = {isa = PBXBuildFile; fileRef = 54E28D0A21384D1500DB4B41 /* Main.storyboard */; };
		54E28D0E21384D1600DB4B41 /* Assets.xcassets in Resources */ = {isa = PBXBuildFile; fileRef = 54E28D0D21384D1600DB4B41 /* Assets.xcassets */; };
		54E28D1121384D1600DB4B41 /* LaunchScreen.storyboard in Resources */ = {isa = PBXBuildFile; fileRef = 54E28D0F21384D1600DB4B41 /* LaunchScreen.storyboard */; };
		54E28D1421384D1600DB4B41 /* main.m in Sources */ = {isa = PBXBuildFile; fileRef = 54E28D1321384D1600DB4B41 /* main.m */; };
		54E28D1E21384D1600DB4B41 /* OCProjectTests.m in Sources */ = {isa = PBXBuildFile; fileRef = 54E28D1D21384D1600DB4B41 /* OCProjectTests.m */; };
		54E28D2921384D1600DB4B41 /* OCProjectUITests.m in Sources */ = {isa = PBXBuildFile; fileRef = 54E28D2821384D1600DB4B41 /* OCProjectUITests.m */; };
		54E36E74213D81AA00189E6A /* TestYYkitVC.m in Sources */ = {isa = PBXBuildFile; fileRef = 54E36E73213D81AA00189E6A /* TestYYkitVC.m */; };
		54F4FD55214130EC002D884C /* 31962A89-3740-4802-9CB4-25D450E856C5.png in Resources */ = {isa = PBXBuildFile; fileRef = 54F4FD54214130EC002D884C /* 31962A89-3740-4802-9CB4-25D450E856C5.png */; };
		54F4FD5721413349002D884C /* 57DC55C0-E73B-4962-AA34-C8C66AF2EC5C.png in Resources */ = {isa = PBXBuildFile; fileRef = 54F4FD5621413349002D884C /* 57DC55C0-E73B-4962-AA34-C8C66AF2EC5C.png */; };
		54F4FE0D21416543002D884C /* CGFloat+.swift in Sources */ = {isa = PBXBuildFile; fileRef = 54F4FDD821416542002D884C /* CGFloat+.swift */; };
		54F4FE0E21416543002D884C /* GeneratorController.swift in Sources */ = {isa = PBXBuildFile; fileRef = 54F4FDD921416542002D884C /* GeneratorController.swift */; };
		54F4FE0F21416543002D884C /* ConstraintMultiplierTarget.swift in Sources */ = {isa = PBXBuildFile; fileRef = 54F4FDDB21416542002D884C /* ConstraintMultiplierTarget.swift */; };
		54F4FE1021416543002D884C /* LayoutConstraintItem.swift in Sources */ = {isa = PBXBuildFile; fileRef = 54F4FDDC21416542002D884C /* LayoutConstraintItem.swift */; };
		54F4FE1121416543002D884C /* ConstraintDescription.swift in Sources */ = {isa = PBXBuildFile; fileRef = 54F4FDDD21416542002D884C /* ConstraintDescription.swift */; };
		54F4FE1221416543002D884C /* ConstraintMakerPriortizable.swift in Sources */ = {isa = PBXBuildFile; fileRef = 54F4FDDE21416542002D884C /* ConstraintMakerPriortizable.swift */; };
		54F4FE1321416543002D884C /* ConstraintAttributes.swift in Sources */ = {isa = PBXBuildFile; fileRef = 54F4FDDF21416542002D884C /* ConstraintAttributes.swift */; };
		54F4FE1421416543002D884C /* ConstraintViewDSL.swift in Sources */ = {isa = PBXBuildFile; fileRef = 54F4FDE021416542002D884C /* ConstraintViewDSL.swift */; };
		54F4FE1521416543002D884C /* ConstraintPriorityTarget.swift in Sources */ = {isa = PBXBuildFile; fileRef = 54F4FDE121416542002D884C /* ConstraintPriorityTarget.swift */; };
		54F4FE1621416543002D884C /* ConstraintInsets.swift in Sources */ = {isa = PBXBuildFile; fileRef = 54F4FDE221416542002D884C /* ConstraintInsets.swift */; };
		54F4FE1721416543002D884C /* ConstraintMakerFinalizable.swift in Sources */ = {isa = PBXBuildFile; fileRef = 54F4FDE321416542002D884C /* ConstraintMakerFinalizable.swift */; };
		54F4FE1821416543002D884C /* ConstraintDSL.swift in Sources */ = {isa = PBXBuildFile; fileRef = 54F4FDE421416542002D884C /* ConstraintDSL.swift */; };
		54F4FE1921416543002D884C /* ConstraintMakerExtendable.swift in Sources */ = {isa = PBXBuildFile; fileRef = 54F4FDE521416542002D884C /* ConstraintMakerExtendable.swift */; };
		54F4FE1A21416543002D884C /* ConstraintPriority.swift in Sources */ = {isa = PBXBuildFile; fileRef = 54F4FDE621416542002D884C /* ConstraintPriority.swift */; };
		54F4FE1B21416543002D884C /* ConstraintInsetTarget.swift in Sources */ = {isa = PBXBuildFile; fileRef = 54F4FDE721416542002D884C /* ConstraintInsetTarget.swift */; };
		54F4FE1C21416543002D884C /* ConstraintConfig.swift in Sources */ = {isa = PBXBuildFile; fileRef = 54F4FDE921416542002D884C /* ConstraintConfig.swift */; };
		54F4FE1D21416543002D884C /* UILayoutSupport+Extensions.swift in Sources */ = {isa = PBXBuildFile; fileRef = 54F4FDEA21416542002D884C /* UILayoutSupport+Extensions.swift */; };
		54F4FE1E21416543002D884C /* ConstraintView.swift in Sources */ = {isa = PBXBuildFile; fileRef = 54F4FDEB21416542002D884C /* ConstraintView.swift */; };
		54F4FE1F21416543002D884C /* ConstraintLayoutGuide.swift in Sources */ = {isa = PBXBuildFile; fileRef = 54F4FDEC21416542002D884C /* ConstraintLayoutGuide.swift */; };
		54F4FE2021416543002D884C /* ConstraintLayoutSupport.swift in Sources */ = {isa = PBXBuildFile; fileRef = 54F4FDED21416542002D884C /* ConstraintLayoutSupport.swift */; };
		54F4FE2121416543002D884C /* Typealiases.swift in Sources */ = {isa = PBXBuildFile; fileRef = 54F4FDEE21416542002D884C /* Typealiases.swift */; };
		54F4FE2221416543002D884C /* ConstraintConstantTarget.swift in Sources */ = {isa = PBXBuildFile; fileRef = 54F4FDEF21416542002D884C /* ConstraintConstantTarget.swift */; };
		54F4FE2321416543002D884C /* ConstraintOffsetTarget.swift in Sources */ = {isa = PBXBuildFile; fileRef = 54F4FDF021416542002D884C /* ConstraintOffsetTarget.swift */; };
		54F4FE2421416543002D884C /* ConstraintMakerEditable.swift in Sources */ = {isa = PBXBuildFile; fileRef = 54F4FDF121416542002D884C /* ConstraintMakerEditable.swift */; };
		54F4FE2521416543002D884C /* ConstraintMaker.swift in Sources */ = {isa = PBXBuildFile; fileRef = 54F4FDF221416542002D884C /* ConstraintMaker.swift */; };
		54F4FE2621416543002D884C /* ConstraintRelation.swift in Sources */ = {isa = PBXBuildFile; fileRef = 54F4FDF321416542002D884C /* ConstraintRelation.swift */; };
		54F4FE2721416543002D884C /* ConstraintLayoutGuideDSL.swift in Sources */ = {isa = PBXBuildFile; fileRef = 54F4FDF421416542002D884C /* ConstraintLayoutGuideDSL.swift */; };
		54F4FE2821416543002D884C /* ConstraintView+Extensions.swift in Sources */ = {isa = PBXBuildFile; fileRef = 54F4FDF521416542002D884C /* ConstraintView+Extensions.swift */; };
		54F4FE2921416543002D884C /* ConstraintItem.swift in Sources */ = {isa = PBXBuildFile; fileRef = 54F4FDF621416542002D884C /* ConstraintItem.swift */; };
		54F4FE2A21416543002D884C /* Constraint.swift in Sources */ = {isa = PBXBuildFile; fileRef = 54F4FDF721416542002D884C /* Constraint.swift */; };
		54F4FE2B21416543002D884C /* Debugging.swift in Sources */ = {isa = PBXBuildFile; fileRef = 54F4FDF821416542002D884C /* Debugging.swift */; };
		54F4FE2C21416543002D884C /* ConstraintRelatableTarget.swift in Sources */ = {isa = PBXBuildFile; fileRef = 54F4FDF921416542002D884C /* ConstraintRelatableTarget.swift */; };
		54F4FE2D21416543002D884C /* LayoutConstraint.swift in Sources */ = {isa = PBXBuildFile; fileRef = 54F4FDFA21416542002D884C /* LayoutConstraint.swift */; };
		54F4FE2E21416543002D884C /* ConstraintLayoutGuide+Extensions.swift in Sources */ = {isa = PBXBuildFile; fileRef = 54F4FDFB21416542002D884C /* ConstraintLayoutGuide+Extensions.swift */; };
		54F4FE2F21416543002D884C /* ConstraintLayoutSupportDSL.swift in Sources */ = {isa = PBXBuildFile; fileRef = 54F4FDFC21416542002D884C /* ConstraintLayoutSupportDSL.swift */; };
		54F4FE3021416543002D884C /* ConstraintMakerRelatable.swift in Sources */ = {isa = PBXBuildFile; fileRef = 54F4FDFD21416542002D884C /* ConstraintMakerRelatable.swift */; };
		54F4FE3121416543002D884C /* EFSliderView.swift in Sources */ = {isa = PBXBuildFile; fileRef = 54F4FDFF21416542002D884C /* EFSliderView.swift */; };
		54F4FE3221416543002D884C /* EFColorComponentView.swift in Sources */ = {isa = PBXBuildFile; fileRef = 54F4FE0021416542002D884C /* EFColorComponentView.swift */; };
		54F4FE3321416543002D884C /* EFHSBView.swift in Sources */ = {isa = PBXBuildFile; fileRef = 54F4FE0121416542002D884C /* EFHSBView.swift */; };
		54F4FE3421416543002D884C /* EFColorUtils.swift in Sources */ = {isa = PBXBuildFile; fileRef = 54F4FE0221416542002D884C /* EFColorUtils.swift */; };
		54F4FE3521416543002D884C /* EFColorSelectionView.swift in Sources */ = {isa = PBXBuildFile; fileRef = 54F4FE0321416542002D884C /* EFColorSelectionView.swift */; };
		54F4FE3621416543002D884C /* EFColorWheelView.swift in Sources */ = {isa = PBXBuildFile; fileRef = 54F4FE0421416542002D884C /* EFColorWheelView.swift */; };
		54F4FE3721416543002D884C /* EFRGBView.swift in Sources */ = {isa = PBXBuildFile; fileRef = 54F4FE0521416542002D884C /* EFRGBView.swift */; };
		54F4FE3821416543002D884C /* EFControl.swift in Sources */ = {isa = PBXBuildFile; fileRef = 54F4FE0621416542002D884C /* EFControl.swift */; };
		54F4FE3921416543002D884C /* EFColorView.swift in Sources */ = {isa = PBXBuildFile; fileRef = 54F4FE0721416542002D884C /* EFColorView.swift */; };
		54F4FE3A21416543002D884C /* EFThumbView.swift in Sources */ = {isa = PBXBuildFile; fileRef = 54F4FE0821416542002D884C /* EFThumbView.swift */; };
		54F4FE3B21416543002D884C /* EFColorSelectionViewController.swift in Sources */ = {isa = PBXBuildFile; fileRef = 54F4FE0921416542002D884C /* EFColorSelectionViewController.swift */; };
		54F4FE3C21416543002D884C /* RecognizerController.swift in Sources */ = {isa = PBXBuildFile; fileRef = 54F4FE0A21416542002D884C /* RecognizerController.swift */; };
		54F4FE3D21416543002D884C /* File.swift in Sources */ = {isa = PBXBuildFile; fileRef = 54F4FE0B21416542002D884C /* File.swift */; };
		54F4FE3E21416543002D884C /* UIImage+.swift in Sources */ = {isa = PBXBuildFile; fileRef = 54F4FE0C21416542002D884C /* UIImage+.swift */; };
		54F4FE4121416821002D884C /* EFQRCode.framework in Frameworks */ = {isa = PBXBuildFile; fileRef = 54F4FE3F214166E1002D884C /* EFQRCode.framework */; };
		54F4FE4221416821002D884C /* EFQRCode.framework in Embed Frameworks */ = {isa = PBXBuildFile; fileRef = 54F4FE3F214166E1002D884C /* EFQRCode.framework */; settings = {ATTRIBUTES = (CodeSignOnCopy, RemoveHeadersOnCopy, ); }; };
		B16BE12A500CBC34E0676637 /* libPods-OCProjectUITests.a in Frameworks */ = {isa = PBXBuildFile; fileRef = C432FB97E75994192246ED41 /* libPods-OCProjectUITests.a */; };
/* End PBXBuildFile section */

/* Begin PBXContainerItemProxy section */
		54E28D1A21384D1600DB4B41 /* PBXContainerItemProxy */ = {
			isa = PBXContainerItemProxy;
			containerPortal = 54E28CF921384D1500DB4B41 /* Project object */;
			proxyType = 1;
			remoteGlobalIDString = 54E28D0021384D1500DB4B41;
			remoteInfo = OCProject;
		};
		54E28D2521384D1600DB4B41 /* PBXContainerItemProxy */ = {
			isa = PBXContainerItemProxy;
			containerPortal = 54E28CF921384D1500DB4B41 /* Project object */;
			proxyType = 1;
			remoteGlobalIDString = 54E28D0021384D1500DB4B41;
			remoteInfo = OCProject;
		};
/* End PBXContainerItemProxy section */

/* Begin PBXCopyFilesBuildPhase section */
		54F4FE4321416821002D884C /* Embed Frameworks */ = {
			isa = PBXCopyFilesBuildPhase;
			buildActionMask = 2147483647;
			dstPath = "";
			dstSubfolderSpec = 10;
			files = (
				54F4FE4221416821002D884C /* EFQRCode.framework in Embed Frameworks */,
			);
			name = "Embed Frameworks";
			runOnlyForDeploymentPostprocessing = 0;
		};
/* End PBXCopyFilesBuildPhase section */

/* Begin PBXFileReference section */
		021AAFDF9801D3E1A563D7A8 /* Pods-OCProject.release.xcconfig */ = {isa = PBXFileReference; includeInIndex = 1; lastKnownFileType = text.xcconfig; name = "Pods-OCProject.release.xcconfig"; path = "Pods/Target Support Files/Pods-OCProject/Pods-OCProject.release.xcconfig"; sourceTree = "<group>"; };
		1E6F6F449BA17FE56B82A3BB /* Pods-OCProjectTests.release.xcconfig */ = {isa = PBXFileReference; includeInIndex = 1; lastKnownFileType = text.xcconfig; name = "Pods-OCProjectTests.release.xcconfig"; path = "Pods/Target Support Files/Pods-OCProjectTests/Pods-OCProjectTests.release.xcconfig"; sourceTree = "<group>"; };
		5414FC92213C209C0098D711 /* TestConstVC.h */ = {isa = PBXFileReference; lastKnownFileType = sourcecode.c.h; path = TestConstVC.h; sourceTree = "<group>"; };
		5414FC93213C209C0098D711 /* TestConstVC.m */ = {isa = PBXFileReference; lastKnownFileType = sourcecode.c.objc; path = TestConstVC.m; sourceTree = "<group>"; };
		54612FE82170509E00639F6C /* TestKVC.h */ = {isa = PBXFileReference; lastKnownFileType = sourcecode.c.h; path = TestKVC.h; sourceTree = "<group>"; };
		54612FE92170509E00639F6C /* TestKVC.m */ = {isa = PBXFileReference; lastKnownFileType = sourcecode.c.objc; path = TestKVC.m; sourceTree = "<group>"; };
		54612FEB217050C200639F6C /* Test.h */ = {isa = PBXFileReference; lastKnownFileType = sourcecode.c.h; path = Test.h; sourceTree = "<group>"; };
		54612FEC217050C200639F6C /* Test.m */ = {isa = PBXFileReference; lastKnownFileType = sourcecode.c.objc; path = Test.m; sourceTree = "<group>"; };
		54738FC2213CC4F100061DDB /* UIViewController+HideAlert.h */ = {isa = PBXFileReference; fileEncoding = 4; lastKnownFileType = sourcecode.c.h; path = "UIViewController+HideAlert.h"; sourceTree = "<group>"; };
		54738FC3213CC4F100061DDB /* ChangeAppIconVC.h */ = {isa = PBXFileReference; fileEncoding = 4; lastKnownFileType = sourcecode.c.h; path = ChangeAppIconVC.h; sourceTree = "<group>"; };
		54738FC4213CC4F100061DDB /* ChangeAppIconVC.m */ = {isa = PBXFileReference; fileEncoding = 4; lastKnownFileType = sourcecode.c.objc; path = ChangeAppIconVC.m; sourceTree = "<group>"; };
		54738FC5213CC4F100061DDB /* UIViewController+HideAlert.m */ = {isa = PBXFileReference; fileEncoding = 4; lastKnownFileType = sourcecode.c.objc; path = "UIViewController+HideAlert.m"; sourceTree = "<group>"; };
		54738FC7213CC4F100061DDB /* WkJsVC.h */ = {isa = PBXFileReference; fileEncoding = 4; lastKnownFileType = sourcecode.c.h; path = WkJsVC.h; sourceTree = "<group>"; };
		54738FC8213CC4F100061DDB /* WkJsVC.m */ = {isa = PBXFileReference; fileEncoding = 4; lastKnownFileType = sourcecode.c.objc; path = WkJsVC.m; sourceTree = "<group>"; };
		54738FCD213CC64000061DDB /* index.html */ = {isa = PBXFileReference; fileEncoding = 4; lastKnownFileType = text.html; path = index.html; sourceTree = "<group>"; };
		54738FCE213CC64000061DDB /* common.js */ = {isa = PBXFileReference; fileEncoding = 4; lastKnownFileType = sourcecode.javascript; path = common.js; sourceTree = "<group>"; };
		54738FCF213CC64000061DDB /* base.css */ = {isa = PBXFileReference; fileEncoding = 4; lastKnownFileType = text.css; path = base.css; sourceTree = "<group>"; };
		54738FD0213CC64000061DDB /* jquery.js */ = {isa = PBXFileReference; fileEncoding = 4; lastKnownFileType = sourcecode.javascript; path = jquery.js; sourceTree = "<group>"; };
		54738FD6213CC65F00061DDB /* icon60@2x.png */ = {isa = PBXFileReference; lastKnownFileType = image.png; path = "icon60@2x.png"; sourceTree = "<group>"; };
		54738FD7213CC65F00061DDB /* icon29@3x.png */ = {isa = PBXFileReference; lastKnownFileType = image.png; path = "icon29@3x.png"; sourceTree = "<group>"; };
		54738FD8213CC65F00061DDB /* icon29@2x.png */ = {isa = PBXFileReference; lastKnownFileType = image.png; path = "icon29@2x.png"; sourceTree = "<group>"; };
		54738FD9213CC65F00061DDB /* icon60@3x.png */ = {isa = PBXFileReference; lastKnownFileType = image.png; path = "icon60@3x.png"; sourceTree = "<group>"; };
		54738FDA213CC65F00061DDB /* icon40@3x.png */ = {isa = PBXFileReference; lastKnownFileType = image.png; path = "icon40@3x.png"; sourceTree = "<group>"; };
		54738FDB213CC65F00061DDB /* icon40@2x.png */ = {isa = PBXFileReference; lastKnownFileType = image.png; path = "icon40@2x.png"; sourceTree = "<group>"; };
		54738FDC213CC65F00061DDB /* icon20@2x.png */ = {isa = PBXFileReference; lastKnownFileType = image.png; path = "icon20@2x.png"; sourceTree = "<group>"; };
		54738FDD213CC65F00061DDB /* icon20@3x.png */ = {isa = PBXFileReference; lastKnownFileType = image.png; path = "icon20@3x.png"; sourceTree = "<group>"; };
		54738FE6213CC9FB00061DDB /* README */ = {isa = PBXFileReference; fileEncoding = 4; lastKnownFileType = text; path = README; sourceTree = "<group>"; };
		54738FE9213D2D8400061DDB /* CopyAndMutableCopyVC.h */ = {isa = PBXFileReference; lastKnownFileType = sourcecode.c.h; path = CopyAndMutableCopyVC.h; sourceTree = "<group>"; };
		54738FEA213D2D8400061DDB /* CopyAndMutableCopyVC.m */ = {isa = PBXFileReference; lastKnownFileType = sourcecode.c.objc; path = CopyAndMutableCopyVC.m; sourceTree = "<group>"; };
		54738FED213D2EC700061DDB /* BaseViewController.h */ = {isa = PBXFileReference; lastKnownFileType = sourcecode.c.h; path = BaseViewController.h; sourceTree = "<group>"; };
		54738FEE213D2EC700061DDB /* BaseViewController.m */ = {isa = PBXFileReference; lastKnownFileType = sourcecode.c.objc; path = BaseViewController.m; sourceTree = "<group>"; };
		54738FF2213E246700061DDB /* ItemLayout.m */ = {isa = PBXFileReference; fileEncoding = 4; lastKnownFileType = sourcecode.c.objc; path = ItemLayout.m; sourceTree = "<group>"; };
		54738FF4213E24BC00061DDB /* DataModel.h */ = {isa = PBXFileReference; lastKnownFileType = sourcecode.c.h; path = DataModel.h; sourceTree = "<group>"; };
		54738FF5213E24BC00061DDB /* DataModel.m */ = {isa = PBXFileReference; lastKnownFileType = sourcecode.c.objc; path = DataModel.m; sourceTree = "<group>"; };
		54739000213E619300061DDB /* ProfileView.h */ = {isa = PBXFileReference; lastKnownFileType = sourcecode.c.h; path = ProfileView.h; sourceTree = "<group>"; };
		54739001213E619300061DDB /* ProfileView.m */ = {isa = PBXFileReference; lastKnownFileType = sourcecode.c.objc; path = ProfileView.m; sourceTree = "<group>"; };
		54AB6747213BAD6000E73D06 /* FactoryVC.m */ = {isa = PBXFileReference; fileEncoding = 4; lastKnownFileType = sourcecode.c.objc; path = FactoryVC.m; sourceTree = "<group>"; };
		54AB6748213BAD6000E73D06 /* FactoryVC.h */ = {isa = PBXFileReference; fileEncoding = 4; lastKnownFileType = sourcecode.c.h; path = FactoryVC.h; sourceTree = "<group>"; };
		54AB674A213BAEEE00E73D06 /* Factory.h */ = {isa = PBXFileReference; lastKnownFileType = sourcecode.c.h; path = Factory.h; sourceTree = "<group>"; };
		54AB674B213BAEEE00E73D06 /* Factory.m */ = {isa = PBXFileReference; lastKnownFileType = sourcecode.c.objc; path = Factory.m; sourceTree = "<group>"; };
		54AB674D213BAF5E00E73D06 /* Food.h */ = {isa = PBXFileReference; lastKnownFileType = sourcecode.c.h; path = Food.h; sourceTree = "<group>"; };
		54AB674E213BAF5E00E73D06 /* Food.m */ = {isa = PBXFileReference; lastKnownFileType = sourcecode.c.objc; path = Food.m; sourceTree = "<group>"; };
		54AB6750213BAF7600E73D06 /* MantouBreakfast.h */ = {isa = PBXFileReference; lastKnownFileType = sourcecode.c.h; path = MantouBreakfast.h; sourceTree = "<group>"; };
		54AB6751213BAF7600E73D06 /* MantouBreakfast.m */ = {isa = PBXFileReference; lastKnownFileType = sourcecode.c.objc; path = MantouBreakfast.m; sourceTree = "<group>"; };
		54AB6753213BAF9000E73D06 /* YoutiaoBreakfast.h */ = {isa = PBXFileReference; lastKnownFileType = sourcecode.c.h; path = YoutiaoBreakfast.h; sourceTree = "<group>"; };
		54AB6754213BAF9000E73D06 /* YoutiaoBreakfast.m */ = {isa = PBXFileReference; lastKnownFileType = sourcecode.c.objc; path = YoutiaoBreakfast.m; sourceTree = "<group>"; };
		54AB6757213BB2F500E73D06 /* UIUtil.h */ = {isa = PBXFileReference; lastKnownFileType = sourcecode.c.h; path = UIUtil.h; sourceTree = "<group>"; };
		54AB6758213BB2F500E73D06 /* UIUtil.m */ = {isa = PBXFileReference; lastKnownFileType = sourcecode.c.objc; path = UIUtil.m; sourceTree = "<group>"; };
		54B7B79A21410DB4003C8A2F /* QRViewController.h */ = {isa = PBXFileReference; lastKnownFileType = sourcecode.c.h; path = QRViewController.h; sourceTree = "<group>"; };
		54B7B79B21410DB4003C8A2F /* QRViewController.m */ = {isa = PBXFileReference; lastKnownFileType = sourcecode.c.objc; path = QRViewController.m; sourceTree = "<group>"; };
		54B7B79D21410F8D003C8A2F /* ScanQRVC.h */ = {isa = PBXFileReference; lastKnownFileType = sourcecode.c.h; path = ScanQRVC.h; sourceTree = "<group>"; };
		54B7B79E21410F8D003C8A2F /* ScanQRVC.m */ = {isa = PBXFileReference; lastKnownFileType = sourcecode.c.objc; path = ScanQRVC.m; sourceTree = "<group>"; };
		54B7B7A021410FA3003C8A2F /* MakeQRVC.h */ = {isa = PBXFileReference; lastKnownFileType = sourcecode.c.h; path = MakeQRVC.h; sourceTree = "<group>"; };
		54B7B7A121410FA3003C8A2F /* MakeQRVC.m */ = {isa = PBXFileReference; lastKnownFileType = sourcecode.c.objc; path = MakeQRVC.m; sourceTree = "<group>"; };
		54B7B7A3214117F1003C8A2F /* appicon.jpg */ = {isa = PBXFileReference; lastKnownFileType = image.jpeg; name = appicon.jpg; path = ../../../../Desktop/appicon.jpg; sourceTree = "<group>"; };
		54D0C25B213AADC400D4B3E6 /* MyTableViewController.h */ = {isa = PBXFileReference; lastKnownFileType = sourcecode.c.h; path = MyTableViewController.h; sourceTree = "<group>"; };
		54D0C25C213AADC400D4B3E6 /* MyTableViewController.m */ = {isa = PBXFileReference; lastKnownFileType = sourcecode.c.objc; path = MyTableViewController.m; sourceTree = "<group>"; };
		54D27223213E739C0085B92D /* YYDemoHelper.h */ = {isa = PBXFileReference; lastKnownFileType = sourcecode.c.h; path = YYDemoHelper.h; sourceTree = "<group>"; };
		54D27224213E739C0085B92D /* YYDemoHelper.m */ = {isa = PBXFileReference; lastKnownFileType = sourcecode.c.objc; path = YYDemoHelper.m; sourceTree = "<group>"; };
		54D27226213E75B10085B92D /* ResourceWeibo.bundle */ = {isa = PBXFileReference; lastKnownFileType = "wrapper.plug-in"; path = ResourceWeibo.bundle; sourceTree = "<group>"; };
		54D27229213E8BB30085B92D /* YYImageTestVC.h */ = {isa = PBXFileReference; lastKnownFileType = sourcecode.c.h; path = YYImageTestVC.h; sourceTree = "<group>"; };
		54D2722A213E8BB30085B92D /* YYImageTestVC.m */ = {isa = PBXFileReference; lastKnownFileType = sourcecode.c.objc; path = YYImageTestVC.m; sourceTree = "<group>"; };
		54D2722C213E90670085B92D /* wall-e@2x.webp */ = {isa = PBXFileReference; lastKnownFileType = file; path = "wall-e@2x.webp"; sourceTree = "<group>"; };
		54D2722D213E90670085B92D /* pia@2x.png */ = {isa = PBXFileReference; lastKnownFileType = image.png; path = "pia@2x.png"; sourceTree = "<group>"; };
		54D2722E213E90670085B92D /* niconiconi@2x.gif */ = {isa = PBXFileReference; lastKnownFileType = image.gif; path = "niconiconi@2x.gif"; sourceTree = "<group>"; };
		54D27232213EB04B0085B92D /* YYTableView.h */ = {isa = PBXFileReference; fileEncoding = 4; lastKnownFileType = sourcecode.c.h; path = YYTableView.h; sourceTree = "<group>"; };
		54D27233213EB04B0085B92D /* YYTableView.m */ = {isa = PBXFileReference; fileEncoding = 4; lastKnownFileType = sourcecode.c.objc; path = YYTableView.m; sourceTree = "<group>"; };
		54D27235213EB21B0085B92D /* YYTableViewCell.h */ = {isa = PBXFileReference; fileEncoding = 4; lastKnownFileType = sourcecode.c.h; path = YYTableViewCell.h; sourceTree = "<group>"; };
		54D27236213EB21B0085B92D /* YYTableViewCell.m */ = {isa = PBXFileReference; fileEncoding = 4; lastKnownFileType = sourcecode.c.objc; path = YYTableViewCell.m; sourceTree = "<group>"; };
		54D2723D213FEB960085B92D /* GCDController.h */ = {isa = PBXFileReference; fileEncoding = 4; lastKnownFileType = sourcecode.c.h; path = GCDController.h; sourceTree = "<group>"; };
		54D2723E213FEB960085B92D /* GCDController.m */ = {isa = PBXFileReference; fileEncoding = 4; lastKnownFileType = sourcecode.c.objc; path = GCDController.m; sourceTree = "<group>"; };
		54E18E982175887200177C4F /* StudyYYModelVC.h */ = {isa = PBXFileReference; lastKnownFileType = sourcecode.c.h; path = StudyYYModelVC.h; sourceTree = "<group>"; };
		54E18E992175887200177C4F /* StudyYYModelVC.m */ = {isa = PBXFileReference; lastKnownFileType = sourcecode.c.objc; path = StudyYYModelVC.m; sourceTree = "<group>"; };
		54E18E9B217588DB00177C4F /* CustomModel.h */ = {isa = PBXFileReference; lastKnownFileType = sourcecode.c.h; path = CustomModel.h; sourceTree = "<group>"; };
		54E18E9C217588DB00177C4F /* CustomModel.m */ = {isa = PBXFileReference; lastKnownFileType = sourcecode.c.objc; path = CustomModel.m; sourceTree = "<group>"; };
		54E18E9E2175DCE300177C4F /* RuntimeClass.h */ = {isa = PBXFileReference; lastKnownFileType = sourcecode.c.h; path = RuntimeClass.h; sourceTree = "<group>"; };
		54E18E9F2175DCE300177C4F /* RuntimeClass.m */ = {isa = PBXFileReference; lastKnownFileType = sourcecode.c.objc; path = RuntimeClass.m; sourceTree = "<group>"; };
		54E18EA22178148C00177C4F /* TestFMDBVC.m */ = {isa = PBXFileReference; fileEncoding = 4; lastKnownFileType = sourcecode.c.objc; path = TestFMDBVC.m; sourceTree = "<group>"; };
		54E18EA32178148C00177C4F /* DBHelper.m */ = {isa = PBXFileReference; fileEncoding = 4; lastKnownFileType = sourcecode.c.objc; path = DBHelper.m; sourceTree = "<group>"; };
		54E18EA42178148C00177C4F /* UserModel.m */ = {isa = PBXFileReference; fileEncoding = 4; lastKnownFileType = sourcecode.c.objc; path = UserModel.m; sourceTree = "<group>"; };
		54E18EA52178148C00177C4F /* TestFMDBVC.h */ = {isa = PBXFileReference; fileEncoding = 4; lastKnownFileType = sourcecode.c.h; path = TestFMDBVC.h; sourceTree = "<group>"; };
		54E18EA62178148C00177C4F /* UserModel.h */ = {isa = PBXFileReference; fileEncoding = 4; lastKnownFileType = sourcecode.c.h; path = UserModel.h; sourceTree = "<group>"; };
		54E18EA72178148C00177C4F /* DBHelper.h */ = {isa = PBXFileReference; fileEncoding = 4; lastKnownFileType = sourcecode.c.h; path = DBHelper.h; sourceTree = "<group>"; };
		54E28D0121384D1500DB4B41 /* OCProject.app */ = {isa = PBXFileReference; explicitFileType = wrapper.application; includeInIndex = 0; path = OCProject.app; sourceTree = BUILT_PRODUCTS_DIR; };
		54E28D0421384D1500DB4B41 /* AppDelegate.h */ = {isa = PBXFileReference; lastKnownFileType = sourcecode.c.h; path = AppDelegate.h; sourceTree = "<group>"; };
		54E28D0521384D1500DB4B41 /* AppDelegate.m */ = {isa = PBXFileReference; lastKnownFileType = sourcecode.c.objc; path = AppDelegate.m; sourceTree = "<group>"; };
		54E28D0B21384D1500DB4B41 /* Base */ = {isa = PBXFileReference; lastKnownFileType = file.storyboard; name = Base; path = Base.lproj/Main.storyboard; sourceTree = "<group>"; };
		54E28D0D21384D1600DB4B41 /* Assets.xcassets */ = {isa = PBXFileReference; lastKnownFileType = folder.assetcatalog; path = Assets.xcassets; sourceTree = "<group>"; };
		54E28D1021384D1600DB4B41 /* Base */ = {isa = PBXFileReference; lastKnownFileType = file.storyboard; name = Base; path = Base.lproj/LaunchScreen.storyboard; sourceTree = "<group>"; };
		54E28D1221384D1600DB4B41 /* Info.plist */ = {isa = PBXFileReference; lastKnownFileType = text.plist.xml; path = Info.plist; sourceTree = "<group>"; };
		54E28D1321384D1600DB4B41 /* main.m */ = {isa = PBXFileReference; lastKnownFileType = sourcecode.c.objc; path = main.m; sourceTree = "<group>"; };
		54E28D1921384D1600DB4B41 /* OCProjectTests.xctest */ = {isa = PBXFileReference; explicitFileType = wrapper.cfbundle; includeInIndex = 0; path = OCProjectTests.xctest; sourceTree = BUILT_PRODUCTS_DIR; };
		54E28D1D21384D1600DB4B41 /* OCProjectTests.m */ = {isa = PBXFileReference; lastKnownFileType = sourcecode.c.objc; path = OCProjectTests.m; sourceTree = "<group>"; };
		54E28D1F21384D1600DB4B41 /* Info.plist */ = {isa = PBXFileReference; lastKnownFileType = text.plist.xml; path = Info.plist; sourceTree = "<group>"; };
		54E28D2421384D1600DB4B41 /* OCProjectUITests.xctest */ = {isa = PBXFileReference; explicitFileType = wrapper.cfbundle; includeInIndex = 0; path = OCProjectUITests.xctest; sourceTree = BUILT_PRODUCTS_DIR; };
		54E28D2821384D1600DB4B41 /* OCProjectUITests.m */ = {isa = PBXFileReference; lastKnownFileType = sourcecode.c.objc; path = OCProjectUITests.m; sourceTree = "<group>"; };
		54E28D2A21384D1600DB4B41 /* Info.plist */ = {isa = PBXFileReference; lastKnownFileType = text.plist.xml; path = Info.plist; sourceTree = "<group>"; };
		54E36E72213D81AA00189E6A /* TestYYkitVC.h */ = {isa = PBXFileReference; lastKnownFileType = sourcecode.c.h; path = TestYYkitVC.h; sourceTree = "<group>"; };
		54E36E73213D81AA00189E6A /* TestYYkitVC.m */ = {isa = PBXFileReference; lastKnownFileType = sourcecode.c.objc; path = TestYYkitVC.m; sourceTree = "<group>"; };
		54E36E75213D85B300189E6A /* ItemLayout.h */ = {isa = PBXFileReference; lastKnownFileType = sourcecode.c.h; path = ItemLayout.h; sourceTree = "<group>"; };
		54F4FD54214130EC002D884C /* 31962A89-3740-4802-9CB4-25D450E856C5.png */ = {isa = PBXFileReference; lastKnownFileType = image.png; name = "31962A89-3740-4802-9CB4-25D450E856C5.png"; path = "../../../../Library/Containers/com.tencent.qq/Data/Library/Application Support/QQ/Users/417513676/QQ/Temp.db/31962A89-3740-4802-9CB4-25D450E856C5.png"; sourceTree = "<group>"; };
		54F4FD5621413349002D884C /* 57DC55C0-E73B-4962-AA34-C8C66AF2EC5C.png */ = {isa = PBXFileReference; lastKnownFileType = image.png; name = "57DC55C0-E73B-4962-AA34-C8C66AF2EC5C.png"; path = "../../../../Library/Containers/com.tencent.qq/Data/Library/Application Support/QQ/Users/417513676/QQ/Temp.db/57DC55C0-E73B-4962-AA34-C8C66AF2EC5C.png"; sourceTree = "<group>"; };
		54F4FDD421416526002D884C /* OCProject-Bridging-Header.h */ = {isa = PBXFileReference; lastKnownFileType = sourcecode.c.h; path = "OCProject-Bridging-Header.h"; sourceTree = "<group>"; };
		54F4FDD821416542002D884C /* CGFloat+.swift */ = {isa = PBXFileReference; fileEncoding = 4; lastKnownFileType = sourcecode.swift; path = "CGFloat+.swift"; sourceTree = "<group>"; };
		54F4FDD921416542002D884C /* GeneratorController.swift */ = {isa = PBXFileReference; fileEncoding = 4; lastKnownFileType = sourcecode.swift; path = GeneratorController.swift; sourceTree = "<group>"; };
		54F4FDDB21416542002D884C /* ConstraintMultiplierTarget.swift */ = {isa = PBXFileReference; fileEncoding = 4; lastKnownFileType = sourcecode.swift; path = ConstraintMultiplierTarget.swift; sourceTree = "<group>"; };
		54F4FDDC21416542002D884C /* LayoutConstraintItem.swift */ = {isa = PBXFileReference; fileEncoding = 4; lastKnownFileType = sourcecode.swift; path = LayoutConstraintItem.swift; sourceTree = "<group>"; };
		54F4FDDD21416542002D884C /* ConstraintDescription.swift */ = {isa = PBXFileReference; fileEncoding = 4; lastKnownFileType = sourcecode.swift; path = ConstraintDescription.swift; sourceTree = "<group>"; };
		54F4FDDE21416542002D884C /* ConstraintMakerPriortizable.swift */ = {isa = PBXFileReference; fileEncoding = 4; lastKnownFileType = sourcecode.swift; path = ConstraintMakerPriortizable.swift; sourceTree = "<group>"; };
		54F4FDDF21416542002D884C /* ConstraintAttributes.swift */ = {isa = PBXFileReference; fileEncoding = 4; lastKnownFileType = sourcecode.swift; path = ConstraintAttributes.swift; sourceTree = "<group>"; };
		54F4FDE021416542002D884C /* ConstraintViewDSL.swift */ = {isa = PBXFileReference; fileEncoding = 4; lastKnownFileType = sourcecode.swift; path = ConstraintViewDSL.swift; sourceTree = "<group>"; };
		54F4FDE121416542002D884C /* ConstraintPriorityTarget.swift */ = {isa = PBXFileReference; fileEncoding = 4; lastKnownFileType = sourcecode.swift; path = ConstraintPriorityTarget.swift; sourceTree = "<group>"; };
		54F4FDE221416542002D884C /* ConstraintInsets.swift */ = {isa = PBXFileReference; fileEncoding = 4; lastKnownFileType = sourcecode.swift; path = ConstraintInsets.swift; sourceTree = "<group>"; };
		54F4FDE321416542002D884C /* ConstraintMakerFinalizable.swift */ = {isa = PBXFileReference; fileEncoding = 4; lastKnownFileType = sourcecode.swift; path = ConstraintMakerFinalizable.swift; sourceTree = "<group>"; };
		54F4FDE421416542002D884C /* ConstraintDSL.swift */ = {isa = PBXFileReference; fileEncoding = 4; lastKnownFileType = sourcecode.swift; path = ConstraintDSL.swift; sourceTree = "<group>"; };
		54F4FDE521416542002D884C /* ConstraintMakerExtendable.swift */ = {isa = PBXFileReference; fileEncoding = 4; lastKnownFileType = sourcecode.swift; path = ConstraintMakerExtendable.swift; sourceTree = "<group>"; };
		54F4FDE621416542002D884C /* ConstraintPriority.swift */ = {isa = PBXFileReference; fileEncoding = 4; lastKnownFileType = sourcecode.swift; path = ConstraintPriority.swift; sourceTree = "<group>"; };
		54F4FDE721416542002D884C /* ConstraintInsetTarget.swift */ = {isa = PBXFileReference; fileEncoding = 4; lastKnownFileType = sourcecode.swift; path = ConstraintInsetTarget.swift; sourceTree = "<group>"; };
		54F4FDE821416542002D884C /* SnapKit.h */ = {isa = PBXFileReference; fileEncoding = 4; lastKnownFileType = sourcecode.c.h; path = SnapKit.h; sourceTree = "<group>"; };
		54F4FDE921416542002D884C /* ConstraintConfig.swift */ = {isa = PBXFileReference; fileEncoding = 4; lastKnownFileType = sourcecode.swift; path = ConstraintConfig.swift; sourceTree = "<group>"; };
		54F4FDEA21416542002D884C /* UILayoutSupport+Extensions.swift */ = {isa = PBXFileReference; fileEncoding = 4; lastKnownFileType = sourcecode.swift; path = "UILayoutSupport+Extensions.swift"; sourceTree = "<group>"; };
		54F4FDEB21416542002D884C /* ConstraintView.swift */ = {isa = PBXFileReference; fileEncoding = 4; lastKnownFileType = sourcecode.swift; path = ConstraintView.swift; sourceTree = "<group>"; };
		54F4FDEC21416542002D884C /* ConstraintLayoutGuide.swift */ = {isa = PBXFileReference; fileEncoding = 4; lastKnownFileType = sourcecode.swift; path = ConstraintLayoutGuide.swift; sourceTree = "<group>"; };
		54F4FDED21416542002D884C /* ConstraintLayoutSupport.swift */ = {isa = PBXFileReference; fileEncoding = 4; lastKnownFileType = sourcecode.swift; path = ConstraintLayoutSupport.swift; sourceTree = "<group>"; };
		54F4FDEE21416542002D884C /* Typealiases.swift */ = {isa = PBXFileReference; fileEncoding = 4; lastKnownFileType = sourcecode.swift; path = Typealiases.swift; sourceTree = "<group>"; };
		54F4FDEF21416542002D884C /* ConstraintConstantTarget.swift */ = {isa = PBXFileReference; fileEncoding = 4; lastKnownFileType = sourcecode.swift; path = ConstraintConstantTarget.swift; sourceTree = "<group>"; };
		54F4FDF021416542002D884C /* ConstraintOffsetTarget.swift */ = {isa = PBXFileReference; fileEncoding = 4; lastKnownFileType = sourcecode.swift; path = ConstraintOffsetTarget.swift; sourceTree = "<group>"; };
		54F4FDF121416542002D884C /* ConstraintMakerEditable.swift */ = {isa = PBXFileReference; fileEncoding = 4; lastKnownFileType = sourcecode.swift; path = ConstraintMakerEditable.swift; sourceTree = "<group>"; };
		54F4FDF221416542002D884C /* ConstraintMaker.swift */ = {isa = PBXFileReference; fileEncoding = 4; lastKnownFileType = sourcecode.swift; path = ConstraintMaker.swift; sourceTree = "<group>"; };
		54F4FDF321416542002D884C /* ConstraintRelation.swift */ = {isa = PBXFileReference; fileEncoding = 4; lastKnownFileType = sourcecode.swift; path = ConstraintRelation.swift; sourceTree = "<group>"; };
		54F4FDF421416542002D884C /* ConstraintLayoutGuideDSL.swift */ = {isa = PBXFileReference; fileEncoding = 4; lastKnownFileType = sourcecode.swift; path = ConstraintLayoutGuideDSL.swift; sourceTree = "<group>"; };
		54F4FDF521416542002D884C /* ConstraintView+Extensions.swift */ = {isa = PBXFileReference; fileEncoding = 4; lastKnownFileType = sourcecode.swift; path = "ConstraintView+Extensions.swift"; sourceTree = "<group>"; };
		54F4FDF621416542002D884C /* ConstraintItem.swift */ = {isa = PBXFileReference; fileEncoding = 4; lastKnownFileType = sourcecode.swift; path = ConstraintItem.swift; sourceTree = "<group>"; };
		54F4FDF721416542002D884C /* Constraint.swift */ = {isa = PBXFileReference; fileEncoding = 4; lastKnownFileType = sourcecode.swift; path = Constraint.swift; sourceTree = "<group>"; };
		54F4FDF821416542002D884C /* Debugging.swift */ = {isa = PBXFileReference; fileEncoding = 4; lastKnownFileType = sourcecode.swift; path = Debugging.swift; sourceTree = "<group>"; };
		54F4FDF921416542002D884C /* ConstraintRelatableTarget.swift */ = {isa = PBXFileReference; fileEncoding = 4; lastKnownFileType = sourcecode.swift; path = ConstraintRelatableTarget.swift; sourceTree = "<group>"; };
		54F4FDFA21416542002D884C /* LayoutConstraint.swift */ = {isa = PBXFileReference; fileEncoding = 4; lastKnownFileType = sourcecode.swift; path = LayoutConstraint.swift; sourceTree = "<group>"; };
		54F4FDFB21416542002D884C /* ConstraintLayoutGuide+Extensions.swift */ = {isa = PBXFileReference; fileEncoding = 4; lastKnownFileType = sourcecode.swift; path = "ConstraintLayoutGuide+Extensions.swift"; sourceTree = "<group>"; };
		54F4FDFC21416542002D884C /* ConstraintLayoutSupportDSL.swift */ = {isa = PBXFileReference; fileEncoding = 4; lastKnownFileType = sourcecode.swift; path = ConstraintLayoutSupportDSL.swift; sourceTree = "<group>"; };
		54F4FDFD21416542002D884C /* ConstraintMakerRelatable.swift */ = {isa = PBXFileReference; fileEncoding = 4; lastKnownFileType = sourcecode.swift; path = ConstraintMakerRelatable.swift; sourceTree = "<group>"; };
		54F4FDFF21416542002D884C /* EFSliderView.swift */ = {isa = PBXFileReference; fileEncoding = 4; lastKnownFileType = sourcecode.swift; path = EFSliderView.swift; sourceTree = "<group>"; };
		54F4FE0021416542002D884C /* EFColorComponentView.swift */ = {isa = PBXFileReference; fileEncoding = 4; lastKnownFileType = sourcecode.swift; path = EFColorComponentView.swift; sourceTree = "<group>"; };
		54F4FE0121416542002D884C /* EFHSBView.swift */ = {isa = PBXFileReference; fileEncoding = 4; lastKnownFileType = sourcecode.swift; path = EFHSBView.swift; sourceTree = "<group>"; };
		54F4FE0221416542002D884C /* EFColorUtils.swift */ = {isa = PBXFileReference; fileEncoding = 4; lastKnownFileType = sourcecode.swift; path = EFColorUtils.swift; sourceTree = "<group>"; };
		54F4FE0321416542002D884C /* EFColorSelectionView.swift */ = {isa = PBXFileReference; fileEncoding = 4; lastKnownFileType = sourcecode.swift; path = EFColorSelectionView.swift; sourceTree = "<group>"; };
		54F4FE0421416542002D884C /* EFColorWheelView.swift */ = {isa = PBXFileReference; fileEncoding = 4; lastKnownFileType = sourcecode.swift; path = EFColorWheelView.swift; sourceTree = "<group>"; };
		54F4FE0521416542002D884C /* EFRGBView.swift */ = {isa = PBXFileReference; fileEncoding = 4; lastKnownFileType = sourcecode.swift; path = EFRGBView.swift; sourceTree = "<group>"; };
		54F4FE0621416542002D884C /* EFControl.swift */ = {isa = PBXFileReference; fileEncoding = 4; lastKnownFileType = sourcecode.swift; path = EFControl.swift; sourceTree = "<group>"; };
		54F4FE0721416542002D884C /* EFColorView.swift */ = {isa = PBXFileReference; fileEncoding = 4; lastKnownFileType = sourcecode.swift; path = EFColorView.swift; sourceTree = "<group>"; };
		54F4FE0821416542002D884C /* EFThumbView.swift */ = {isa = PBXFileReference; fileEncoding = 4; lastKnownFileType = sourcecode.swift; path = EFThumbView.swift; sourceTree = "<group>"; };
		54F4FE0921416542002D884C /* EFColorSelectionViewController.swift */ = {isa = PBXFileReference; fileEncoding = 4; lastKnownFileType = sourcecode.swift; path = EFColorSelectionViewController.swift; sourceTree = "<group>"; };
		54F4FE0A21416542002D884C /* RecognizerController.swift */ = {isa = PBXFileReference; fileEncoding = 4; lastKnownFileType = sourcecode.swift; path = RecognizerController.swift; sourceTree = "<group>"; };
		54F4FE0B21416542002D884C /* File.swift */ = {isa = PBXFileReference; fileEncoding = 4; lastKnownFileType = sourcecode.swift; path = File.swift; sourceTree = "<group>"; };
		54F4FE0C21416542002D884C /* UIImage+.swift */ = {isa = PBXFileReference; fileEncoding = 4; lastKnownFileType = sourcecode.swift; path = "UIImage+.swift"; sourceTree = "<group>"; };
		54F4FE3F214166E1002D884C /* EFQRCode.framework */ = {isa = PBXFileReference; lastKnownFileType = wrapper.framework; path = EFQRCode.framework; sourceTree = "<group>"; };
		5EDCDB49457BAB0E4B05EF8B /* Pods-OCProject.debug.xcconfig */ = {isa = PBXFileReference; includeInIndex = 1; lastKnownFileType = text.xcconfig; name = "Pods-OCProject.debug.xcconfig"; path = "Pods/Target Support Files/Pods-OCProject/Pods-OCProject.debug.xcconfig"; sourceTree = "<group>"; };
		BB0ACACBD84094F4C1594BCA /* libPods-OCProjectTests.a */ = {isa = PBXFileReference; explicitFileType = archive.ar; includeInIndex = 0; path = "libPods-OCProjectTests.a"; sourceTree = BUILT_PRODUCTS_DIR; };
		C432FB97E75994192246ED41 /* libPods-OCProjectUITests.a */ = {isa = PBXFileReference; explicitFileType = archive.ar; includeInIndex = 0; path = "libPods-OCProjectUITests.a"; sourceTree = BUILT_PRODUCTS_DIR; };
		DE3A230F9914E90736141669 /* Pods-OCProjectUITests.debug.xcconfig */ = {isa = PBXFileReference; includeInIndex = 1; lastKnownFileType = text.xcconfig; name = "Pods-OCProjectUITests.debug.xcconfig"; path = "Pods/Target Support Files/Pods-OCProjectUITests/Pods-OCProjectUITests.debug.xcconfig"; sourceTree = "<group>"; };
		EE083FCB1CB22E125DC57218 /* Pods-OCProjectTests.debug.xcconfig */ = {isa = PBXFileReference; includeInIndex = 1; lastKnownFileType = text.xcconfig; name = "Pods-OCProjectTests.debug.xcconfig"; path = "Pods/Target Support Files/Pods-OCProjectTests/Pods-OCProjectTests.debug.xcconfig"; sourceTree = "<group>"; };
		FA0F459C401A98BA065B51A5 /* libPods-OCProject.a */ = {isa = PBXFileReference; explicitFileType = archive.ar; includeInIndex = 0; path = "libPods-OCProject.a"; sourceTree = BUILT_PRODUCTS_DIR; };
		FA9EDB8C5B49F051667D5465 /* Pods-OCProjectUITests.release.xcconfig */ = {isa = PBXFileReference; includeInIndex = 1; lastKnownFileType = text.xcconfig; name = "Pods-OCProjectUITests.release.xcconfig"; path = "Pods/Target Support Files/Pods-OCProjectUITests/Pods-OCProjectUITests.release.xcconfig"; sourceTree = "<group>"; };
/* End PBXFileReference section */

/* Begin PBXFrameworksBuildPhase section */
		54E28CFE21384D1500DB4B41 /* Frameworks */ = {
			isa = PBXFrameworksBuildPhase;
			buildActionMask = 2147483647;
			files = (
				4AB9E0962858AC1C2E8CA83B /* libPods-OCProject.a in Frameworks */,
				54F4FE4121416821002D884C /* EFQRCode.framework in Frameworks */,
			);
			runOnlyForDeploymentPostprocessing = 0;
		};
		54E28D1621384D1600DB4B41 /* Frameworks */ = {
			isa = PBXFrameworksBuildPhase;
			buildActionMask = 2147483647;
			files = (
				1D57ED42FD4104691AD2CEC0 /* libPods-OCProjectTests.a in Frameworks */,
			);
			runOnlyForDeploymentPostprocessing = 0;
		};
		54E28D2121384D1600DB4B41 /* Frameworks */ = {
			isa = PBXFrameworksBuildPhase;
			buildActionMask = 2147483647;
			files = (
				B16BE12A500CBC34E0676637 /* libPods-OCProjectUITests.a in Frameworks */,
			);
			runOnlyForDeploymentPostprocessing = 0;
		};
/* End PBXFrameworksBuildPhase section */

/* Begin PBXGroup section */
		532437BDBBB0D68D2488FB64 /* Pods */ = {
			isa = PBXGroup;
			children = (
				5EDCDB49457BAB0E4B05EF8B /* Pods-OCProject.debug.xcconfig */,
				021AAFDF9801D3E1A563D7A8 /* Pods-OCProject.release.xcconfig */,
				EE083FCB1CB22E125DC57218 /* Pods-OCProjectTests.debug.xcconfig */,
				1E6F6F449BA17FE56B82A3BB /* Pods-OCProjectTests.release.xcconfig */,
				DE3A230F9914E90736141669 /* Pods-OCProjectUITests.debug.xcconfig */,
				FA9EDB8C5B49F051667D5465 /* Pods-OCProjectUITests.release.xcconfig */,
			);
			name = Pods;
			sourceTree = "<group>";
		};
		5414FC91213C20880098D711 /* TestConstVC */ = {
			isa = PBXGroup;
			children = (
				5414FC92213C209C0098D711 /* TestConstVC.h */,
				5414FC93213C209C0098D711 /* TestConstVC.m */,
			);
			path = TestConstVC;
			sourceTree = "<group>";
		};
		54612FE42170502B00639F6C /* TestKVC */ = {
			isa = PBXGroup;
			children = (
				54612FE82170509E00639F6C /* TestKVC.h */,
				54612FE92170509E00639F6C /* TestKVC.m */,
				54612FEB217050C200639F6C /* Test.h */,
				54612FEC217050C200639F6C /* Test.m */,
			);
			path = TestKVC;
			sourceTree = "<group>";
		};
		54738FC1213CC4F100061DDB /* ChangeAppIcon */ = {
			isa = PBXGroup;
			children = (
				54738FD5213CC65F00061DDB /* dyIcon */,
				54738FC2213CC4F100061DDB /* UIViewController+HideAlert.h */,
				54738FC5213CC4F100061DDB /* UIViewController+HideAlert.m */,
				54738FC3213CC4F100061DDB /* ChangeAppIconVC.h */,
				54738FC4213CC4F100061DDB /* ChangeAppIconVC.m */,
			);
			path = ChangeAppIcon;
			sourceTree = "<group>";
		};
		54738FC6213CC4F100061DDB /* WkJs */ = {
			isa = PBXGroup;
			children = (
				54738FCC213CC64000061DDB /* web */,
				54738FC7213CC4F100061DDB /* WkJsVC.h */,
				54738FC8213CC4F100061DDB /* WkJsVC.m */,
			);
			path = WkJs;
			sourceTree = "<group>";
		};
		54738FCC213CC64000061DDB /* web */ = {
			isa = PBXGroup;
			children = (
				54738FCD213CC64000061DDB /* index.html */,
				54738FCE213CC64000061DDB /* common.js */,
				54738FCF213CC64000061DDB /* base.css */,
				54738FD0213CC64000061DDB /* jquery.js */,
			);
			path = web;
			sourceTree = "<group>";
		};
		54738FD5213CC65F00061DDB /* dyIcon */ = {
			isa = PBXGroup;
			children = (
				54738FD6213CC65F00061DDB /* icon60@2x.png */,
				54738FD7213CC65F00061DDB /* icon29@3x.png */,
				54738FD8213CC65F00061DDB /* icon29@2x.png */,
				54738FD9213CC65F00061DDB /* icon60@3x.png */,
				54738FDA213CC65F00061DDB /* icon40@3x.png */,
				54738FDB213CC65F00061DDB /* icon40@2x.png */,
				54738FDC213CC65F00061DDB /* icon20@2x.png */,
				54738FDD213CC65F00061DDB /* icon20@3x.png */,
			);
			path = dyIcon;
			sourceTree = "<group>";
		};
		54738FE8213D2D5300061DDB /* CopyAndMutableCopy */ = {
			isa = PBXGroup;
			children = (
				54738FE9213D2D8400061DDB /* CopyAndMutableCopyVC.h */,
				54738FEA213D2D8400061DDB /* CopyAndMutableCopyVC.m */,
			);
			path = CopyAndMutableCopy;
			sourceTree = "<group>";
		};
		54738FEC213D2EB400061DDB /* Base */ = {
			isa = PBXGroup;
			children = (
				54D27235213EB21B0085B92D /* YYTableViewCell.h */,
				54D27236213EB21B0085B92D /* YYTableViewCell.m */,
				54D27232213EB04B0085B92D /* YYTableView.h */,
				54D27233213EB04B0085B92D /* YYTableView.m */,
				54738FED213D2EC700061DDB /* BaseViewController.h */,
				54738FEE213D2EC700061DDB /* BaseViewController.m */,
			);
			path = Base;
			sourceTree = "<group>";
		};
		54738FF7213E3A4100061DDB /* resource */ = {
			isa = PBXGroup;
			children = (
				54D2722E213E90670085B92D /* niconiconi@2x.gif */,
				54D2722D213E90670085B92D /* pia@2x.png */,
				54D2722C213E90670085B92D /* wall-e@2x.webp */,
				54D27226213E75B10085B92D /* ResourceWeibo.bundle */,
			);
			path = resource;
			sourceTree = "<group>";
		};
		54AB6746213BAD6000E73D06 /* Factory */ = {
			isa = PBXGroup;
			children = (
				54AB6747213BAD6000E73D06 /* FactoryVC.m */,
				54AB6748213BAD6000E73D06 /* FactoryVC.h */,
				54AB674A213BAEEE00E73D06 /* Factory.h */,
				54AB674B213BAEEE00E73D06 /* Factory.m */,
				54AB674D213BAF5E00E73D06 /* Food.h */,
				54AB674E213BAF5E00E73D06 /* Food.m */,
				54AB6750213BAF7600E73D06 /* MantouBreakfast.h */,
				54AB6751213BAF7600E73D06 /* MantouBreakfast.m */,
				54AB6753213BAF9000E73D06 /* YoutiaoBreakfast.h */,
				54AB6754213BAF9000E73D06 /* YoutiaoBreakfast.m */,
			);
			path = Factory;
			sourceTree = "<group>";
		};
		54AB6756213BB2DD00E73D06 /* Utils */ = {
			isa = PBXGroup;
			children = (
				54AB6757213BB2F500E73D06 /* UIUtil.h */,
				54AB6758213BB2F500E73D06 /* UIUtil.m */,
			);
			path = Utils;
			sourceTree = "<group>";
		};
		54B7B79921410D8B003C8A2F /* QR */ = {
			isa = PBXGroup;
			children = (
				54F4FE3F214166E1002D884C /* EFQRCode.framework */,
				54F4FDD721416542002D884C /* sourceCode */,
				54B7B79A21410DB4003C8A2F /* QRViewController.h */,
				54B7B79B21410DB4003C8A2F /* QRViewController.m */,
				54B7B79D21410F8D003C8A2F /* ScanQRVC.h */,
				54B7B79E21410F8D003C8A2F /* ScanQRVC.m */,
				54B7B7A021410FA3003C8A2F /* MakeQRVC.h */,
				54B7B7A121410FA3003C8A2F /* MakeQRVC.m */,
				54F4FDD421416526002D884C /* OCProject-Bridging-Header.h */,
			);
			path = QR;
			sourceTree = "<group>";
		};
		54D27228213E8B960085B92D /* YYImageDisplayVC */ = {
			isa = PBXGroup;
			children = (
				54D27229213E8BB30085B92D /* YYImageTestVC.h */,
				54D2722A213E8BB30085B92D /* YYImageTestVC.m */,
			);
			path = YYImageDisplayVC;
			sourceTree = "<group>";
		};
		54D2723C213FEB950085B92D /* GCD */ = {
			isa = PBXGroup;
			children = (
				54D2723D213FEB960085B92D /* GCDController.h */,
				54D2723E213FEB960085B92D /* GCDController.m */,
			);
			path = GCD;
			sourceTree = "<group>";
		};
		54E18E972175885000177C4F /* StudyYYModel */ = {
			isa = PBXGroup;
			children = (
				54E18E982175887200177C4F /* StudyYYModelVC.h */,
				54E18E992175887200177C4F /* StudyYYModelVC.m */,
				54E18E9B217588DB00177C4F /* CustomModel.h */,
				54E18E9C217588DB00177C4F /* CustomModel.m */,
				54E18E9E2175DCE300177C4F /* RuntimeClass.h */,
				54E18E9F2175DCE300177C4F /* RuntimeClass.m */,
			);
			path = StudyYYModel;
			sourceTree = "<group>";
		};
		54E18EA12178148C00177C4F /* TestFMDB */ = {
			isa = PBXGroup;
			children = (
				54E18EA72178148C00177C4F /* DBHelper.h */,
				54E18EA32178148C00177C4F /* DBHelper.m */,
				54E18EA52178148C00177C4F /* TestFMDBVC.h */,
				54E18EA22178148C00177C4F /* TestFMDBVC.m */,
				54E18EA62178148C00177C4F /* UserModel.h */,
				54E18EA42178148C00177C4F /* UserModel.m */,
			);
			path = TestFMDB;
			sourceTree = "<group>";
		};
		54E28CF821384D1500DB4B41 = {
			isa = PBXGroup;
			children = (
				54E28D0321384D1500DB4B41 /* OCProject */,
				54E28D1C21384D1600DB4B41 /* OCProjectTests */,
				54E28D2721384D1600DB4B41 /* OCProjectUITests */,
				54E28D0221384D1500DB4B41 /* Products */,
				532437BDBBB0D68D2488FB64 /* Pods */,
				DA08B76557DACE8910017416 /* Frameworks */,
			);
			sourceTree = "<group>";
		};
		54E28D0221384D1500DB4B41 /* Products */ = {
			isa = PBXGroup;
			children = (
				54E28D0121384D1500DB4B41 /* OCProject.app */,
				54E28D1921384D1600DB4B41 /* OCProjectTests.xctest */,
				54E28D2421384D1600DB4B41 /* OCProjectUITests.xctest */,
			);
			name = Products;
			sourceTree = "<group>";
		};
		54E28D0321384D1500DB4B41 /* OCProject */ = {
			isa = PBXGroup;
			children = (
				54E18EA12178148C00177C4F /* TestFMDB */,
				54E18E972175885000177C4F /* StudyYYModel */,
				54612FE42170502B00639F6C /* TestKVC */,
				54F4FD5621413349002D884C /* 57DC55C0-E73B-4962-AA34-C8C66AF2EC5C.png */,
				54F4FD54214130EC002D884C /* 31962A89-3740-4802-9CB4-25D450E856C5.png */,
				54B7B7A3214117F1003C8A2F /* appicon.jpg */,
				54B7B79921410D8B003C8A2F /* QR */,
				54D2723C213FEB950085B92D /* GCD */,
				54E36E6E213D80EB00189E6A /* TestYYKitVC */,
				54738FEC213D2EB400061DDB /* Base */,
				54738FE8213D2D5300061DDB /* CopyAndMutableCopy */,
				54738FE6213CC9FB00061DDB /* README */,
				54738FC1213CC4F100061DDB /* ChangeAppIcon */,
				54738FC6213CC4F100061DDB /* WkJs */,
				5414FC91213C20880098D711 /* TestConstVC */,
				54AB6756213BB2DD00E73D06 /* Utils */,
				54AB6746213BAD6000E73D06 /* Factory */,
				54E28D0421384D1500DB4B41 /* AppDelegate.h */,
				54E28D0521384D1500DB4B41 /* AppDelegate.m */,
				54E28D0A21384D1500DB4B41 /* Main.storyboard */,
				54E28D0D21384D1600DB4B41 /* Assets.xcassets */,
				54E28D0F21384D1600DB4B41 /* LaunchScreen.storyboard */,
				54E28D1221384D1600DB4B41 /* Info.plist */,
				54E28D1321384D1600DB4B41 /* main.m */,
				54D0C25B213AADC400D4B3E6 /* MyTableViewController.h */,
				54D0C25C213AADC400D4B3E6 /* MyTableViewController.m */,
			);
			path = OCProject;
			sourceTree = "<group>";
		};
		54E28D1C21384D1600DB4B41 /* OCProjectTests */ = {
			isa = PBXGroup;
			children = (
				54E28D1D21384D1600DB4B41 /* OCProjectTests.m */,
				54E28D1F21384D1600DB4B41 /* Info.plist */,
			);
			path = OCProjectTests;
			sourceTree = "<group>";
		};
		54E28D2721384D1600DB4B41 /* OCProjectUITests */ = {
			isa = PBXGroup;
			children = (
				54E28D2821384D1600DB4B41 /* OCProjectUITests.m */,
				54E28D2A21384D1600DB4B41 /* Info.plist */,
			);
			path = OCProjectUITests;
			sourceTree = "<group>";
		};
		54E36E6E213D80EB00189E6A /* TestYYKitVC */ = {
			isa = PBXGroup;
			children = (
				54D27228213E8B960085B92D /* YYImageDisplayVC */,
				54738FF7213E3A4100061DDB /* resource */,
				54E36E75213D85B300189E6A /* ItemLayout.h */,
				54738FF2213E246700061DDB /* ItemLayout.m */,
				54E36E72213D81AA00189E6A /* TestYYkitVC.h */,
				54E36E73213D81AA00189E6A /* TestYYkitVC.m */,
				54738FF4213E24BC00061DDB /* DataModel.h */,
				54738FF5213E24BC00061DDB /* DataModel.m */,
				54739000213E619300061DDB /* ProfileView.h */,
				54739001213E619300061DDB /* ProfileView.m */,
				54D27223213E739C0085B92D /* YYDemoHelper.h */,
				54D27224213E739C0085B92D /* YYDemoHelper.m */,
			);
			path = TestYYKitVC;
			sourceTree = "<group>";
		};
		54F4FDD721416542002D884C /* sourceCode */ = {
			isa = PBXGroup;
			children = (
				54F4FDD821416542002D884C /* CGFloat+.swift */,
				54F4FDD921416542002D884C /* GeneratorController.swift */,
				54F4FDDA21416542002D884C /* SnapKit */,
				54F4FDFE21416542002D884C /* EFColorPicker */,
				54F4FE0A21416542002D884C /* RecognizerController.swift */,
				54F4FE0B21416542002D884C /* File.swift */,
				54F4FE0C21416542002D884C /* UIImage+.swift */,
			);
			path = sourceCode;
			sourceTree = "<group>";
		};
		54F4FDDA21416542002D884C /* SnapKit */ = {
			isa = PBXGroup;
			children = (
				54F4FDDB21416542002D884C /* ConstraintMultiplierTarget.swift */,
				54F4FDDC21416542002D884C /* LayoutConstraintItem.swift */,
				54F4FDDD21416542002D884C /* ConstraintDescription.swift */,
				54F4FDDE21416542002D884C /* ConstraintMakerPriortizable.swift */,
				54F4FDDF21416542002D884C /* ConstraintAttributes.swift */,
				54F4FDE021416542002D884C /* ConstraintViewDSL.swift */,
				54F4FDE121416542002D884C /* ConstraintPriorityTarget.swift */,
				54F4FDE221416542002D884C /* ConstraintInsets.swift */,
				54F4FDE321416542002D884C /* ConstraintMakerFinalizable.swift */,
				54F4FDE421416542002D884C /* ConstraintDSL.swift */,
				54F4FDE521416542002D884C /* ConstraintMakerExtendable.swift */,
				54F4FDE621416542002D884C /* ConstraintPriority.swift */,
				54F4FDE721416542002D884C /* ConstraintInsetTarget.swift */,
				54F4FDE821416542002D884C /* SnapKit.h */,
				54F4FDE921416542002D884C /* ConstraintConfig.swift */,
				54F4FDEA21416542002D884C /* UILayoutSupport+Extensions.swift */,
				54F4FDEB21416542002D884C /* ConstraintView.swift */,
				54F4FDEC21416542002D884C /* ConstraintLayoutGuide.swift */,
				54F4FDED21416542002D884C /* ConstraintLayoutSupport.swift */,
				54F4FDEE21416542002D884C /* Typealiases.swift */,
				54F4FDEF21416542002D884C /* ConstraintConstantTarget.swift */,
				54F4FDF021416542002D884C /* ConstraintOffsetTarget.swift */,
				54F4FDF121416542002D884C /* ConstraintMakerEditable.swift */,
				54F4FDF221416542002D884C /* ConstraintMaker.swift */,
				54F4FDF321416542002D884C /* ConstraintRelation.swift */,
				54F4FDF421416542002D884C /* ConstraintLayoutGuideDSL.swift */,
				54F4FDF521416542002D884C /* ConstraintView+Extensions.swift */,
				54F4FDF621416542002D884C /* ConstraintItem.swift */,
				54F4FDF721416542002D884C /* Constraint.swift */,
				54F4FDF821416542002D884C /* Debugging.swift */,
				54F4FDF921416542002D884C /* ConstraintRelatableTarget.swift */,
				54F4FDFA21416542002D884C /* LayoutConstraint.swift */,
				54F4FDFB21416542002D884C /* ConstraintLayoutGuide+Extensions.swift */,
				54F4FDFC21416542002D884C /* ConstraintLayoutSupportDSL.swift */,
				54F4FDFD21416542002D884C /* ConstraintMakerRelatable.swift */,
			);
			path = SnapKit;
			sourceTree = "<group>";
		};
		54F4FDFE21416542002D884C /* EFColorPicker */ = {
			isa = PBXGroup;
			children = (
				54F4FDFF21416542002D884C /* EFSliderView.swift */,
				54F4FE0021416542002D884C /* EFColorComponentView.swift */,
				54F4FE0121416542002D884C /* EFHSBView.swift */,
				54F4FE0221416542002D884C /* EFColorUtils.swift */,
				54F4FE0321416542002D884C /* EFColorSelectionView.swift */,
				54F4FE0421416542002D884C /* EFColorWheelView.swift */,
				54F4FE0521416542002D884C /* EFRGBView.swift */,
				54F4FE0621416542002D884C /* EFControl.swift */,
				54F4FE0721416542002D884C /* EFColorView.swift */,
				54F4FE0821416542002D884C /* EFThumbView.swift */,
				54F4FE0921416542002D884C /* EFColorSelectionViewController.swift */,
			);
			path = EFColorPicker;
			sourceTree = "<group>";
		};
		DA08B76557DACE8910017416 /* Frameworks */ = {
			isa = PBXGroup;
			children = (
				FA0F459C401A98BA065B51A5 /* libPods-OCProject.a */,
				BB0ACACBD84094F4C1594BCA /* libPods-OCProjectTests.a */,
				C432FB97E75994192246ED41 /* libPods-OCProjectUITests.a */,
			);
			name = Frameworks;
			sourceTree = "<group>";
		};
/* End PBXGroup section */

/* Begin PBXNativeTarget section */
		54E28D0021384D1500DB4B41 /* OCProject */ = {
			isa = PBXNativeTarget;
			buildConfigurationList = 54E28D2D21384D1600DB4B41 /* Build configuration list for PBXNativeTarget "OCProject" */;
			buildPhases = (
				2F4D5546268B4E54980534A0 /* [CP] Check Pods Manifest.lock */,
				54E28CFD21384D1500DB4B41 /* Sources */,
				54E28CFE21384D1500DB4B41 /* Frameworks */,
				54E28CFF21384D1500DB4B41 /* Resources */,
				54F4FE4321416821002D884C /* Embed Frameworks */,
			);
			buildRules = (
			);
			dependencies = (
			);
			name = OCProject;
			productName = OCProject;
			productReference = 54E28D0121384D1500DB4B41 /* OCProject.app */;
			productType = "com.apple.product-type.application";
		};
		54E28D1821384D1600DB4B41 /* OCProjectTests */ = {
			isa = PBXNativeTarget;
			buildConfigurationList = 54E28D3021384D1600DB4B41 /* Build configuration list for PBXNativeTarget "OCProjectTests" */;
			buildPhases = (
				88E57C3410E8A651C82325D1 /* [CP] Check Pods Manifest.lock */,
				54E28D1521384D1600DB4B41 /* Sources */,
				54E28D1621384D1600DB4B41 /* Frameworks */,
				54E28D1721384D1600DB4B41 /* Resources */,
			);
			buildRules = (
			);
			dependencies = (
				54E28D1B21384D1600DB4B41 /* PBXTargetDependency */,
			);
			name = OCProjectTests;
			productName = OCProjectTests;
			productReference = 54E28D1921384D1600DB4B41 /* OCProjectTests.xctest */;
			productType = "com.apple.product-type.bundle.unit-test";
		};
		54E28D2321384D1600DB4B41 /* OCProjectUITests */ = {
			isa = PBXNativeTarget;
			buildConfigurationList = 54E28D3321384D1600DB4B41 /* Build configuration list for PBXNativeTarget "OCProjectUITests" */;
			buildPhases = (
				4D066393523F1029CCB85919 /* [CP] Check Pods Manifest.lock */,
				54E28D2021384D1600DB4B41 /* Sources */,
				54E28D2121384D1600DB4B41 /* Frameworks */,
				54E28D2221384D1600DB4B41 /* Resources */,
			);
			buildRules = (
			);
			dependencies = (
				54E28D2621384D1600DB4B41 /* PBXTargetDependency */,
			);
			name = OCProjectUITests;
			productName = OCProjectUITests;
			productReference = 54E28D2421384D1600DB4B41 /* OCProjectUITests.xctest */;
			productType = "com.apple.product-type.bundle.ui-testing";
		};
/* End PBXNativeTarget section */

/* Begin PBXProject section */
		54E28CF921384D1500DB4B41 /* Project object */ = {
			isa = PBXProject;
			attributes = {
				LastUpgradeCheck = 0940;
				ORGANIZATIONNAME = wqq;
				TargetAttributes = {
					54E28D0021384D1500DB4B41 = {
						CreatedOnToolsVersion = 9.4.1;
						LastSwiftMigration = 0940;
					};
					54E28D1821384D1600DB4B41 = {
						CreatedOnToolsVersion = 9.4.1;
						TestTargetID = 54E28D0021384D1500DB4B41;
					};
					54E28D2321384D1600DB4B41 = {
						CreatedOnToolsVersion = 9.4.1;
						TestTargetID = 54E28D0021384D1500DB4B41;
					};
				};
			};
			buildConfigurationList = 54E28CFC21384D1500DB4B41 /* Build configuration list for PBXProject "OCProject" */;
			compatibilityVersion = "Xcode 9.3";
			developmentRegion = en;
			hasScannedForEncodings = 0;
			knownRegions = (
				en,
				Base,
			);
			mainGroup = 54E28CF821384D1500DB4B41;
			productRefGroup = 54E28D0221384D1500DB4B41 /* Products */;
			projectDirPath = "";
			projectRoot = "";
			targets = (
				54E28D0021384D1500DB4B41 /* OCProject */,
				54E28D1821384D1600DB4B41 /* OCProjectTests */,
				54E28D2321384D1600DB4B41 /* OCProjectUITests */,
			);
		};
/* End PBXProject section */

/* Begin PBXResourcesBuildPhase section */
		54E28CFF21384D1500DB4B41 /* Resources */ = {
			isa = PBXResourcesBuildPhase;
			buildActionMask = 2147483647;
			files = (
				54D27230213E90670085B92D /* pia@2x.png in Resources */,
				54738FE3213CC65F00061DDB /* icon40@2x.png in Resources */,
				54738FE2213CC65F00061DDB /* icon40@3x.png in Resources */,
				54E28D1121384D1600DB4B41 /* LaunchScreen.storyboard in Resources */,
				54F4FD5721413349002D884C /* 57DC55C0-E73B-4962-AA34-C8C66AF2EC5C.png in Resources */,
				54D27231213E90670085B92D /* niconiconi@2x.gif in Resources */,
				54738FE4213CC65F00061DDB /* icon20@2x.png in Resources */,
				54D27227213E75B10085B92D /* ResourceWeibo.bundle in Resources */,
				54738FE7213CC9FB00061DDB /* README in Resources */,
				54738FDE213CC65F00061DDB /* icon60@2x.png in Resources */,
				54738FDF213CC65F00061DDB /* icon29@3x.png in Resources */,
				54738FE1213CC65F00061DDB /* icon60@3x.png in Resources */,
				54738FD1213CC64000061DDB /* index.html in Resources */,
				54F4FD55214130EC002D884C /* 31962A89-3740-4802-9CB4-25D450E856C5.png in Resources */,
				54738FD3213CC64000061DDB /* base.css in Resources */,
				54B7B7A4214117F1003C8A2F /* appicon.jpg in Resources */,
				54E28D0E21384D1600DB4B41 /* Assets.xcassets in Resources */,
				54E28D0C21384D1500DB4B41 /* Main.storyboard in Resources */,
				54738FD4213CC64000061DDB /* jquery.js in Resources */,
				54738FE0213CC65F00061DDB /* icon29@2x.png in Resources */,
				54738FE5213CC65F00061DDB /* icon20@3x.png in Resources */,
				54D2722F213E90670085B92D /* wall-e@2x.webp in Resources */,
				54738FD2213CC64000061DDB /* common.js in Resources */,
			);
			runOnlyForDeploymentPostprocessing = 0;
		};
		54E28D1721384D1600DB4B41 /* Resources */ = {
			isa = PBXResourcesBuildPhase;
			buildActionMask = 2147483647;
			files = (
			);
			runOnlyForDeploymentPostprocessing = 0;
		};
		54E28D2221384D1600DB4B41 /* Resources */ = {
			isa = PBXResourcesBuildPhase;
			buildActionMask = 2147483647;
			files = (
			);
			runOnlyForDeploymentPostprocessing = 0;
		};
/* End PBXResourcesBuildPhase section */

/* Begin PBXShellScriptBuildPhase section */
		2F4D5546268B4E54980534A0 /* [CP] Check Pods Manifest.lock */ = {
			isa = PBXShellScriptBuildPhase;
			buildActionMask = 2147483647;
			files = (
			);
			inputPaths = (
				"${PODS_PODFILE_DIR_PATH}/Podfile.lock",
				"${PODS_ROOT}/Manifest.lock",
			);
			name = "[CP] Check Pods Manifest.lock";
			outputPaths = (
				"$(DERIVED_FILE_DIR)/Pods-OCProject-checkManifestLockResult.txt",
			);
			runOnlyForDeploymentPostprocessing = 0;
			shellPath = /bin/sh;
			shellScript = "diff \"${PODS_PODFILE_DIR_PATH}/Podfile.lock\" \"${PODS_ROOT}/Manifest.lock\" > /dev/null\nif [ $? != 0 ] ; then\n    # print error to STDERR\n    echo \"error: The sandbox is not in sync with the Podfile.lock. Run 'pod install' or update your CocoaPods installation.\" >&2\n    exit 1\nfi\n# This output is used by Xcode 'outputs' to avoid re-running this script phase.\necho \"SUCCESS\" > \"${SCRIPT_OUTPUT_FILE_0}\"\n";
			showEnvVarsInLog = 0;
		};
		4D066393523F1029CCB85919 /* [CP] Check Pods Manifest.lock */ = {
			isa = PBXShellScriptBuildPhase;
			buildActionMask = 2147483647;
			files = (
			);
			inputPaths = (
				"${PODS_PODFILE_DIR_PATH}/Podfile.lock",
				"${PODS_ROOT}/Manifest.lock",
			);
			name = "[CP] Check Pods Manifest.lock";
			outputPaths = (
				"$(DERIVED_FILE_DIR)/Pods-OCProjectUITests-checkManifestLockResult.txt",
			);
			runOnlyForDeploymentPostprocessing = 0;
			shellPath = /bin/sh;
			shellScript = "diff \"${PODS_PODFILE_DIR_PATH}/Podfile.lock\" \"${PODS_ROOT}/Manifest.lock\" > /dev/null\nif [ $? != 0 ] ; then\n    # print error to STDERR\n    echo \"error: The sandbox is not in sync with the Podfile.lock. Run 'pod install' or update your CocoaPods installation.\" >&2\n    exit 1\nfi\n# This output is used by Xcode 'outputs' to avoid re-running this script phase.\necho \"SUCCESS\" > \"${SCRIPT_OUTPUT_FILE_0}\"\n";
			showEnvVarsInLog = 0;
		};
		88E57C3410E8A651C82325D1 /* [CP] Check Pods Manifest.lock */ = {
			isa = PBXShellScriptBuildPhase;
			buildActionMask = 2147483647;
			files = (
			);
			inputPaths = (
				"${PODS_PODFILE_DIR_PATH}/Podfile.lock",
				"${PODS_ROOT}/Manifest.lock",
			);
			name = "[CP] Check Pods Manifest.lock";
			outputPaths = (
				"$(DERIVED_FILE_DIR)/Pods-OCProjectTests-checkManifestLockResult.txt",
			);
			runOnlyForDeploymentPostprocessing = 0;
			shellPath = /bin/sh;
			shellScript = "diff \"${PODS_PODFILE_DIR_PATH}/Podfile.lock\" \"${PODS_ROOT}/Manifest.lock\" > /dev/null\nif [ $? != 0 ] ; then\n    # print error to STDERR\n    echo \"error: The sandbox is not in sync with the Podfile.lock. Run 'pod install' or update your CocoaPods installation.\" >&2\n    exit 1\nfi\n# This output is used by Xcode 'outputs' to avoid re-running this script phase.\necho \"SUCCESS\" > \"${SCRIPT_OUTPUT_FILE_0}\"\n";
			showEnvVarsInLog = 0;
		};
/* End PBXShellScriptBuildPhase section */

/* Begin PBXSourcesBuildPhase section */
		54E28CFD21384D1500DB4B41 /* Sources */ = {
			isa = PBXSourcesBuildPhase;
			buildActionMask = 2147483647;
			files = (
				54F4FE1E21416543002D884C /* ConstraintView.swift in Sources */,
				5414FC94213C209C0098D711 /* TestConstVC.m in Sources */,
				54F4FE1321416543002D884C /* ConstraintAttributes.swift in Sources */,
				54F4FE2221416543002D884C /* ConstraintConstantTarget.swift in Sources */,
				54F4FE3521416543002D884C /* EFColorSelectionView.swift in Sources */,
				54738FEF213D2EC700061DDB /* BaseViewController.m in Sources */,
				54F4FE3421416543002D884C /* EFColorUtils.swift in Sources */,
				54F4FE1921416543002D884C /* ConstraintMakerExtendable.swift in Sources */,
				54F4FE3E21416543002D884C /* UIImage+.swift in Sources */,
				54739002213E619300061DDB /* ProfileView.m in Sources */,
				54F4FE3921416543002D884C /* EFColorView.swift in Sources */,
				54F4FE1A21416543002D884C /* ConstraintPriority.swift in Sources */,
				54F4FE1D21416543002D884C /* UILayoutSupport+Extensions.swift in Sources */,
				54AB674C213BAEEE00E73D06 /* Factory.m in Sources */,
				54F4FE3C21416543002D884C /* RecognizerController.swift in Sources */,
				54F4FE0E21416543002D884C /* GeneratorController.swift in Sources */,
				54F4FE3021416543002D884C /* ConstraintMakerRelatable.swift in Sources */,
				54F4FE1421416543002D884C /* ConstraintViewDSL.swift in Sources */,
				54F4FE3D21416543002D884C /* File.swift in Sources */,
				54F4FE1521416543002D884C /* ConstraintPriorityTarget.swift in Sources */,
				54D27237213EB21B0085B92D /* YYTableViewCell.m in Sources */,
				54D27225213E739C0085B92D /* YYDemoHelper.m in Sources */,
				54D27234213EB04B0085B92D /* YYTableView.m in Sources */,
				54612FED217050C200639F6C /* Test.m in Sources */,
				54F4FE1B21416543002D884C /* ConstraintInsetTarget.swift in Sources */,
				54738FF3213E246700061DDB /* ItemLayout.m in Sources */,
				54F4FE2021416543002D884C /* ConstraintLayoutSupport.swift in Sources */,
				54F4FE1C21416543002D884C /* ConstraintConfig.swift in Sources */,
				54F4FE2D21416543002D884C /* LayoutConstraint.swift in Sources */,
				54F4FE2621416543002D884C /* ConstraintRelation.swift in Sources */,
				54D2722B213E8BB30085B92D /* YYImageTestVC.m in Sources */,
				54F4FE2B21416543002D884C /* Debugging.swift in Sources */,
				54E28D1421384D1600DB4B41 /* main.m in Sources */,
				54AB6759213BB2F500E73D06 /* UIUtil.m in Sources */,
				54AB6755213BAF9000E73D06 /* YoutiaoBreakfast.m in Sources */,
				54F4FE1721416543002D884C /* ConstraintMakerFinalizable.swift in Sources */,
				54F4FE3221416543002D884C /* EFColorComponentView.swift in Sources */,
				54612FEA2170509E00639F6C /* TestKVC.m in Sources */,
				54F4FE0D21416543002D884C /* CGFloat+.swift in Sources */,
				54F4FE3A21416543002D884C /* EFThumbView.swift in Sources */,
				54F4FE3621416543002D884C /* EFColorWheelView.swift in Sources */,
				54E18EA82178148C00177C4F /* TestFMDBVC.m in Sources */,
				54B7B79C21410DB5003C8A2F /* QRViewController.m in Sources */,
				54F4FE3821416543002D884C /* EFControl.swift in Sources */,
				54738FC9213CC4F100061DDB /* ChangeAppIconVC.m in Sources */,
				54738FCB213CC4F100061DDB /* WkJsVC.m in Sources */,
				54AB6752213BAF7600E73D06 /* MantouBreakfast.m in Sources */,
				54E18EA92178148C00177C4F /* DBHelper.m in Sources */,
				54F4FE2321416543002D884C /* ConstraintOffsetTarget.swift in Sources */,
				54F4FE3B21416543002D884C /* EFColorSelectionViewController.swift in Sources */,
				54E28D0621384D1500DB4B41 /* AppDelegate.m in Sources */,
				54738FF6213E24BC00061DDB /* DataModel.m in Sources */,
				54F4FE2421416543002D884C /* ConstraintMakerEditable.swift in Sources */,
				54F4FE2E21416543002D884C /* ConstraintLayoutGuide+Extensions.swift in Sources */,
				54F4FE3721416543002D884C /* EFRGBView.swift in Sources */,
				54F4FE2921416543002D884C /* ConstraintItem.swift in Sources */,
				54E18EAA2178148C00177C4F /* UserModel.m in Sources */,
				54F4FE2A21416543002D884C /* Constraint.swift in Sources */,
				54D2723F213FEB960085B92D /* GCDController.m in Sources */,
				54F4FE2121416543002D884C /* Typealiases.swift in Sources */,
				54F4FE2F21416543002D884C /* ConstraintLayoutSupportDSL.swift in Sources */,
				54D0C25D213AADC400D4B3E6 /* MyTableViewController.m in Sources */,
				54E36E74213D81AA00189E6A /* TestYYkitVC.m in Sources */,
				54738FCA213CC4F100061DDB /* UIViewController+HideAlert.m in Sources */,
				54F4FE0F21416543002D884C /* ConstraintMultiplierTarget.swift in Sources */,
				54B7B79F21410F8D003C8A2F /* ScanQRVC.m in Sources */,
				54F4FE1221416543002D884C /* ConstraintMakerPriortizable.swift in Sources */,
				54E18E9A2175887200177C4F /* StudyYYModelVC.m in Sources */,
				54AB674F213BAF5E00E73D06 /* Food.m in Sources */,
				54B7B7A221410FA3003C8A2F /* MakeQRVC.m in Sources */,
				54F4FE2821416543002D884C /* ConstraintView+Extensions.swift in Sources */,
				54F4FE1021416543002D884C /* LayoutConstraintItem.swift in Sources */,
				54F4FE3121416543002D884C /* EFSliderView.swift in Sources */,
				54AB6749213BAD6000E73D06 /* FactoryVC.m in Sources */,
				54F4FE1F21416543002D884C /* ConstraintLayoutGuide.swift in Sources */,
				54F4FE1821416543002D884C /* ConstraintDSL.swift in Sources */,
				54738FEB213D2D8400061DDB /* CopyAndMutableCopyVC.m in Sources */,
				54F4FE2521416543002D884C /* ConstraintMaker.swift in Sources */,
				54F4FE3321416543002D884C /* EFHSBView.swift in Sources */,
				54F4FE1621416543002D884C /* ConstraintInsets.swift in Sources */,
				54E18E9D217588DB00177C4F /* CustomModel.m in Sources */,
				54F4FE1121416543002D884C /* ConstraintDescription.swift in Sources */,
				54F4FE2721416543002D884C /* ConstraintLayoutGuideDSL.swift in Sources */,
				54F4FE2C21416543002D884C /* ConstraintRelatableTarget.swift in Sources */,
				54E18EA02175DCE300177C4F /* RuntimeClass.m in Sources */,
			);
			runOnlyForDeploymentPostprocessing = 0;
		};
		54E28D1521384D1600DB4B41 /* Sources */ = {
			isa = PBXSourcesBuildPhase;
			buildActionMask = 2147483647;
			files = (
				54E28D1E21384D1600DB4B41 /* OCProjectTests.m in Sources */,
			);
			runOnlyForDeploymentPostprocessing = 0;
		};
		54E28D2021384D1600DB4B41 /* Sources */ = {
			isa = PBXSourcesBuildPhase;
			buildActionMask = 2147483647;
			files = (
				54E28D2921384D1600DB4B41 /* OCProjectUITests.m in Sources */,
			);
			runOnlyForDeploymentPostprocessing = 0;
		};
/* End PBXSourcesBuildPhase section */

/* Begin PBXTargetDependency section */
		54E28D1B21384D1600DB4B41 /* PBXTargetDependency */ = {
			isa = PBXTargetDependency;
			target = 54E28D0021384D1500DB4B41 /* OCProject */;
			targetProxy = 54E28D1A21384D1600DB4B41 /* PBXContainerItemProxy */;
		};
		54E28D2621384D1600DB4B41 /* PBXTargetDependency */ = {
			isa = PBXTargetDependency;
			target = 54E28D0021384D1500DB4B41 /* OCProject */;
			targetProxy = 54E28D2521384D1600DB4B41 /* PBXContainerItemProxy */;
		};
/* End PBXTargetDependency section */

/* Begin PBXVariantGroup section */
		54E28D0A21384D1500DB4B41 /* Main.storyboard */ = {
			isa = PBXVariantGroup;
			children = (
				54E28D0B21384D1500DB4B41 /* Base */,
			);
			name = Main.storyboard;
			sourceTree = "<group>";
		};
		54E28D0F21384D1600DB4B41 /* LaunchScreen.storyboard */ = {
			isa = PBXVariantGroup;
			children = (
				54E28D1021384D1600DB4B41 /* Base */,
			);
			name = LaunchScreen.storyboard;
			sourceTree = "<group>";
		};
/* End PBXVariantGroup section */

/* Begin XCBuildConfiguration section */
		54E28D2B21384D1600DB4B41 /* Debug */ = {
			isa = XCBuildConfiguration;
			buildSettings = {
				ALWAYS_SEARCH_USER_PATHS = NO;
				CLANG_ANALYZER_NONNULL = YES;
				CLANG_ANALYZER_NUMBER_OBJECT_CONVERSION = YES_AGGRESSIVE;
				CLANG_CXX_LANGUAGE_STANDARD = "gnu++14";
				CLANG_CXX_LIBRARY = "libc++";
				CLANG_ENABLE_MODULES = YES;
				CLANG_ENABLE_OBJC_ARC = YES;
				CLANG_ENABLE_OBJC_WEAK = YES;
				CLANG_WARN_BLOCK_CAPTURE_AUTORELEASING = YES;
				CLANG_WARN_BOOL_CONVERSION = YES;
				CLANG_WARN_COMMA = YES;
				CLANG_WARN_CONSTANT_CONVERSION = YES;
				CLANG_WARN_DEPRECATED_OBJC_IMPLEMENTATIONS = YES;
				CLANG_WARN_DIRECT_OBJC_ISA_USAGE = YES_ERROR;
				CLANG_WARN_DOCUMENTATION_COMMENTS = YES;
				CLANG_WARN_EMPTY_BODY = YES;
				CLANG_WARN_ENUM_CONVERSION = YES;
				CLANG_WARN_INFINITE_RECURSION = YES;
				CLANG_WARN_INT_CONVERSION = YES;
				CLANG_WARN_NON_LITERAL_NULL_CONVERSION = YES;
				CLANG_WARN_OBJC_IMPLICIT_RETAIN_SELF = YES;
				CLANG_WARN_OBJC_LITERAL_CONVERSION = YES;
				CLANG_WARN_OBJC_ROOT_CLASS = YES_ERROR;
				CLANG_WARN_RANGE_LOOP_ANALYSIS = YES;
				CLANG_WARN_STRICT_PROTOTYPES = YES;
				CLANG_WARN_SUSPICIOUS_MOVE = YES;
				CLANG_WARN_UNGUARDED_AVAILABILITY = YES_AGGRESSIVE;
				CLANG_WARN_UNREACHABLE_CODE = YES;
				CLANG_WARN__DUPLICATE_METHOD_MATCH = YES;
				CODE_SIGN_IDENTITY = "iPhone Developer";
				COPY_PHASE_STRIP = NO;
				DEBUG_INFORMATION_FORMAT = dwarf;
				ENABLE_STRICT_OBJC_MSGSEND = YES;
				ENABLE_TESTABILITY = YES;
				GCC_C_LANGUAGE_STANDARD = gnu11;
				GCC_DYNAMIC_NO_PIC = NO;
				GCC_NO_COMMON_BLOCKS = YES;
				GCC_OPTIMIZATION_LEVEL = 0;
				GCC_PREPROCESSOR_DEFINITIONS = (
					"DEBUG=1",
					"$(inherited)",
				);
				GCC_WARN_64_TO_32_BIT_CONVERSION = YES;
				GCC_WARN_ABOUT_RETURN_TYPE = YES_ERROR;
				GCC_WARN_UNDECLARED_SELECTOR = YES;
				GCC_WARN_UNINITIALIZED_AUTOS = YES_AGGRESSIVE;
				GCC_WARN_UNUSED_FUNCTION = YES;
				GCC_WARN_UNUSED_VARIABLE = YES;
				IPHONEOS_DEPLOYMENT_TARGET = 11.4;
				MTL_ENABLE_DEBUG_INFO = YES;
				ONLY_ACTIVE_ARCH = YES;
				SDKROOT = iphoneos;
			};
			name = Debug;
		};
		54E28D2C21384D1600DB4B41 /* Release */ = {
			isa = XCBuildConfiguration;
			buildSettings = {
				ALWAYS_SEARCH_USER_PATHS = NO;
				CLANG_ANALYZER_NONNULL = YES;
				CLANG_ANALYZER_NUMBER_OBJECT_CONVERSION = YES_AGGRESSIVE;
				CLANG_CXX_LANGUAGE_STANDARD = "gnu++14";
				CLANG_CXX_LIBRARY = "libc++";
				CLANG_ENABLE_MODULES = YES;
				CLANG_ENABLE_OBJC_ARC = YES;
				CLANG_ENABLE_OBJC_WEAK = YES;
				CLANG_WARN_BLOCK_CAPTURE_AUTORELEASING = YES;
				CLANG_WARN_BOOL_CONVERSION = YES;
				CLANG_WARN_COMMA = YES;
				CLANG_WARN_CONSTANT_CONVERSION = YES;
				CLANG_WARN_DEPRECATED_OBJC_IMPLEMENTATIONS = YES;
				CLANG_WARN_DIRECT_OBJC_ISA_USAGE = YES_ERROR;
				CLANG_WARN_DOCUMENTATION_COMMENTS = YES;
				CLANG_WARN_EMPTY_BODY = YES;
				CLANG_WARN_ENUM_CONVERSION = YES;
				CLANG_WARN_INFINITE_RECURSION = YES;
				CLANG_WARN_INT_CONVERSION = YES;
				CLANG_WARN_NON_LITERAL_NULL_CONVERSION = YES;
				CLANG_WARN_OBJC_IMPLICIT_RETAIN_SELF = YES;
				CLANG_WARN_OBJC_LITERAL_CONVERSION = YES;
				CLANG_WARN_OBJC_ROOT_CLASS = YES_ERROR;
				CLANG_WARN_RANGE_LOOP_ANALYSIS = YES;
				CLANG_WARN_STRICT_PROTOTYPES = YES;
				CLANG_WARN_SUSPICIOUS_MOVE = YES;
				CLANG_WARN_UNGUARDED_AVAILABILITY = YES_AGGRESSIVE;
				CLANG_WARN_UNREACHABLE_CODE = YES;
				CLANG_WARN__DUPLICATE_METHOD_MATCH = YES;
				CODE_SIGN_IDENTITY = "iPhone Developer";
				COPY_PHASE_STRIP = NO;
				DEBUG_INFORMATION_FORMAT = "dwarf-with-dsym";
				ENABLE_NS_ASSERTIONS = NO;
				ENABLE_STRICT_OBJC_MSGSEND = YES;
				GCC_C_LANGUAGE_STANDARD = gnu11;
				GCC_NO_COMMON_BLOCKS = YES;
				GCC_WARN_64_TO_32_BIT_CONVERSION = YES;
				GCC_WARN_ABOUT_RETURN_TYPE = YES_ERROR;
				GCC_WARN_UNDECLARED_SELECTOR = YES;
				GCC_WARN_UNINITIALIZED_AUTOS = YES_AGGRESSIVE;
				GCC_WARN_UNUSED_FUNCTION = YES;
				GCC_WARN_UNUSED_VARIABLE = YES;
				IPHONEOS_DEPLOYMENT_TARGET = 11.4;
				MTL_ENABLE_DEBUG_INFO = NO;
				SDKROOT = iphoneos;
				VALIDATE_PRODUCT = YES;
			};
			name = Release;
		};
		54E28D2E21384D1600DB4B41 /* Debug */ = {
			isa = XCBuildConfiguration;
			baseConfigurationReference = 5EDCDB49457BAB0E4B05EF8B /* Pods-OCProject.debug.xcconfig */;
			buildSettings = {
				ASSETCATALOG_COMPILER_APPICON_NAME = AppIcon;
				CLANG_ENABLE_MODULES = YES;
				CODE_SIGN_IDENTITY = "iPhone Developer";
				CODE_SIGN_STYLE = Automatic;
				DEFINES_MODULE = YES;
				DEVELOPMENT_TEAM = AF8F677DE2;
				FRAMEWORK_SEARCH_PATHS = (
					"$(inherited)",
					"$(PROJECT_DIR)/OCProject/QR",
				);
				INFOPLIST_FILE = OCProject/Info.plist;
				IPHONEOS_DEPLOYMENT_TARGET = 8.0;
				LD_RUNPATH_SEARCH_PATHS = (
					"$(inherited)",
					"@executable_path/Frameworks",
				);
				PRODUCT_BUNDLE_IDENTIFIER = com.dianyou.123;
				PRODUCT_NAME = "$(TARGET_NAME)";
				PROVISIONING_PROFILE_SPECIFIER = "";
				SWIFT_OBJC_BRIDGING_HEADER = "OCProject/QR/OCProject-Bridging-Header.h";
				SWIFT_OPTIMIZATION_LEVEL = "-Onone";
				SWIFT_VERSION = 4.0;
				TARGETED_DEVICE_FAMILY = 1;
			};
			name = Debug;
		};
		54E28D2F21384D1600DB4B41 /* Release */ = {
			isa = XCBuildConfiguration;
			baseConfigurationReference = 021AAFDF9801D3E1A563D7A8 /* Pods-OCProject.release.xcconfig */;
			buildSettings = {
				ASSETCATALOG_COMPILER_APPICON_NAME = AppIcon;
				CLANG_ENABLE_MODULES = YES;
				CODE_SIGN_IDENTITY = "iPhone Developer";
				CODE_SIGN_STYLE = Automatic;
				DEFINES_MODULE = YES;
				DEVELOPMENT_TEAM = AF8F677DE2;
				FRAMEWORK_SEARCH_PATHS = (
					"$(inherited)",
					"$(PROJECT_DIR)/OCProject/QR",
				);
				INFOPLIST_FILE = OCProject/Info.plist;
				IPHONEOS_DEPLOYMENT_TARGET = 8.0;
				LD_RUNPATH_SEARCH_PATHS = (
					"$(inherited)",
					"@executable_path/Frameworks",
				);
				PRODUCT_BUNDLE_IDENTIFIER = com.dianyou.123;
				PRODUCT_NAME = "$(TARGET_NAME)";
				PROVISIONING_PROFILE_SPECIFIER = "";
				SWIFT_OBJC_BRIDGING_HEADER = "OCProject/QR/OCProject-Bridging-Header.h";
				SWIFT_VERSION = 4.0;
				TARGETED_DEVICE_FAMILY = 1;
			};
			name = Release;
		};
		54E28D3121384D1600DB4B41 /* Debug */ = {
			isa = XCBuildConfiguration;
			baseConfigurationReference = EE083FCB1CB22E125DC57218 /* Pods-OCProjectTests.debug.xcconfig */;
			buildSettings = {
				ALWAYS_EMBED_SWIFT_STANDARD_LIBRARIES = YES;
				BUNDLE_LOADER = "$(TEST_HOST)";
				CODE_SIGN_STYLE = Automatic;
				DEVELOPMENT_TEAM = AF8F677DE2;
				INFOPLIST_FILE = OCProjectTests/Info.plist;
				LD_RUNPATH_SEARCH_PATHS = (
					"$(inherited)",
					"@executable_path/Frameworks",
					"@loader_path/Frameworks",
				);
				PRODUCT_BUNDLE_IDENTIFIER = com.dianyou.oc.OCProjectTests;
				PRODUCT_NAME = "$(TARGET_NAME)";
				TARGETED_DEVICE_FAMILY = "1,2";
				TEST_HOST = "$(BUILT_PRODUCTS_DIR)/OCProject.app/OCProject";
			};
			name = Debug;
		};
		54E28D3221384D1600DB4B41 /* Release */ = {
			isa = XCBuildConfiguration;
			baseConfigurationReference = 1E6F6F449BA17FE56B82A3BB /* Pods-OCProjectTests.release.xcconfig */;
			buildSettings = {
				ALWAYS_EMBED_SWIFT_STANDARD_LIBRARIES = YES;
				BUNDLE_LOADER = "$(TEST_HOST)";
				CODE_SIGN_STYLE = Automatic;
				DEVELOPMENT_TEAM = AF8F677DE2;
				INFOPLIST_FILE = OCProjectTests/Info.plist;
				LD_RUNPATH_SEARCH_PATHS = (
					"$(inherited)",
					"@executable_path/Frameworks",
					"@loader_path/Frameworks",
				);
				PRODUCT_BUNDLE_IDENTIFIER = com.dianyou.oc.OCProjectTests;
				PRODUCT_NAME = "$(TARGET_NAME)";
				TARGETED_DEVICE_FAMILY = "1,2";
				TEST_HOST = "$(BUILT_PRODUCTS_DIR)/OCProject.app/OCProject";
			};
			name = Release;
		};
		54E28D3421384D1600DB4B41 /* Debug */ = {
			isa = XCBuildConfiguration;
			baseConfigurationReference = DE3A230F9914E90736141669 /* Pods-OCProjectUITests.debug.xcconfig */;
			buildSettings = {
				ALWAYS_EMBED_SWIFT_STANDARD_LIBRARIES = YES;
				CODE_SIGN_STYLE = Automatic;
				DEVELOPMENT_TEAM = AF8F677DE2;
				INFOPLIST_FILE = OCProjectUITests/Info.plist;
				LD_RUNPATH_SEARCH_PATHS = (
					"$(inherited)",
					"@executable_path/Frameworks",
					"@loader_path/Frameworks",
				);
				PRODUCT_BUNDLE_IDENTIFIER = com.dianyou.oc.OCProjectUITests;
				PRODUCT_NAME = "$(TARGET_NAME)";
				TARGETED_DEVICE_FAMILY = "1,2";
				TEST_TARGET_NAME = OCProject;
			};
			name = Debug;
		};
		54E28D3521384D1600DB4B41 /* Release */ = {
			isa = XCBuildConfiguration;
			baseConfigurationReference = FA9EDB8C5B49F051667D5465 /* Pods-OCProjectUITests.release.xcconfig */;
			buildSettings = {
				ALWAYS_EMBED_SWIFT_STANDARD_LIBRARIES = YES;
				CODE_SIGN_STYLE = Automatic;
				DEVELOPMENT_TEAM = AF8F677DE2;
				INFOPLIST_FILE = OCProjectUITests/Info.plist;
				LD_RUNPATH_SEARCH_PATHS = (
					"$(inherited)",
					"@executable_path/Frameworks",
					"@loader_path/Frameworks",
				);
				PRODUCT_BUNDLE_IDENTIFIER = com.dianyou.oc.OCProjectUITests;
				PRODUCT_NAME = "$(TARGET_NAME)";
				TARGETED_DEVICE_FAMILY = "1,2";
				TEST_TARGET_NAME = OCProject;
			};
			name = Release;
		};
/* End XCBuildConfiguration section */

/* Begin XCConfigurationList section */
		54E28CFC21384D1500DB4B41 /* Build configuration list for PBXProject "OCProject" */ = {
			isa = XCConfigurationList;
			buildConfigurations = (
				54E28D2B21384D1600DB4B41 /* Debug */,
				54E28D2C21384D1600DB4B41 /* Release */,
			);
			defaultConfigurationIsVisible = 0;
			defaultConfigurationName = Release;
		};
		54E28D2D21384D1600DB4B41 /* Build configuration list for PBXNativeTarget "OCProject" */ = {
			isa = XCConfigurationList;
			buildConfigurations = (
				54E28D2E21384D1600DB4B41 /* Debug */,
				54E28D2F21384D1600DB4B41 /* Release */,
			);
			defaultConfigurationIsVisible = 0;
			defaultConfigurationName = Release;
		};
		54E28D3021384D1600DB4B41 /* Build configuration list for PBXNativeTarget "OCProjectTests" */ = {
			isa = XCConfigurationList;
			buildConfigurations = (
				54E28D3121384D1600DB4B41 /* Debug */,
				54E28D3221384D1600DB4B41 /* Release */,
			);
			defaultConfigurationIsVisible = 0;
			defaultConfigurationName = Release;
		};
		54E28D3321384D1600DB4B41 /* Build configuration list for PBXNativeTarget "OCProjectUITests" */ = {
			isa = XCConfigurationList;
			buildConfigurations = (
				54E28D3421384D1600DB4B41 /* Debug */,
				54E28D3521384D1600DB4B41 /* Release */,
			);
			defaultConfigurationIsVisible = 0;
			defaultConfigurationName = Release;
		};
/* End XCConfigurationList section */
	};
	rootObject = 54E28CF921384D1500DB4B41 /* Project object */;
}
